// !$*UTF8*$!
{
	archiveVersion = 1;
	classes = {
	};
	objectVersion = 46;
	objects = {

/* Begin PBXAggregateTarget section */
		14AF06661E7A4B920029DD34 /* PushPodSpec */ = {
			isa = PBXAggregateTarget;
			buildConfigurationList = 14AF06671E7A4B920029DD34 /* Build configuration list for PBXAggregateTarget "PushPodSpec" */;
			buildPhases = (
				14AF066A1E7A4B9D0029DD34 /* ShellScript */,
			);
			dependencies = (
			);
			name = PushPodSpec;
			productName = PushPodSpec;
		};
		14EF59F31E78DDD9005ED979 /* CommonDylib */ = {
			isa = PBXAggregateTarget;
			buildConfigurationList = 14EF59F61E78DDDA005ED979 /* Build configuration list for PBXAggregateTarget "CommonDylib" */;
			buildPhases = (
				14EF59F71E78DDE2005ED979 /* ShellScript */,
			);
			dependencies = (
				14EF59FA1E78DE65005ED979 /* PBXTargetDependency */,
			);
			name = CommonDylib;
			productName = CommonDylib;
		};
/* End PBXAggregateTarget section */

/* Begin PBXBuildFile section */
		140885811E76916D008B9466 /* MusicLRC.h in Headers */ = {isa = PBXBuildFile; fileRef = 1408857F1E76916D008B9466 /* MusicLRC.h */; settings = {ATTRIBUTES = (Public, ); }; };
		140886731E77C048008B9466 /* 荷塘月色.lrc in Resources */ = {isa = PBXBuildFile; fileRef = 140886721E77C048008B9466 /* 荷塘月色.lrc */; };
		144B8E111E9783FF009969E8 /* VerifyAppTool.m in Sources */ = {isa = PBXBuildFile; fileRef = 144B8E101E9783FF009969E8 /* VerifyAppTool.m */; };
		144B8E181E978531009969E8 /* VerifyAppTool.m in Sources */ = {isa = PBXBuildFile; fileRef = 144B8E101E9783FF009969E8 /* VerifyAppTool.m */; };
		146EB4D31E8A476900D753F0 /* MusicLrcModel.swift in Sources */ = {isa = PBXBuildFile; fileRef = D221DBA81E88F36300444AE3 /* MusicLrcModel.swift */; };
		146EB4EB1E8A552B00D753F0 /* MusicLrcView.h in Headers */ = {isa = PBXBuildFile; fileRef = 14AF06C91E7BE6C00029DD34 /* MusicLrcView.h */; settings = {ATTRIBUTES = (Public, ); }; };
		146EB4EC1E8A552F00D753F0 /* MusicLrcView.m in Sources */ = {isa = PBXBuildFile; fileRef = 14AF06CA1E7BE6C00029DD34 /* MusicLrcView.m */; };
		1483B7BA1E80FFCE009D8C42 /* TransitioningDelegate.swift in Sources */ = {isa = PBXBuildFile; fileRef = 1483B7B81E80FFCE009D8C42 /* TransitioningDelegate.swift */; };
		1483B7BD1E81024E009D8C42 /* ClockTableViewController.swift in Sources */ = {isa = PBXBuildFile; fileRef = 1483B7BB1E81024E009D8C42 /* ClockTableViewController.swift */; };
		1483B7C71E811370009D8C42 /* Main.storyboard in Resources */ = {isa = PBXBuildFile; fileRef = 148BFF3B1E6FCE9400E674D3 /* Main.storyboard */; };
		1483B7CA1E8119CA009D8C42 /* ClockTableViewCell.swift in Sources */ = {isa = PBXBuildFile; fileRef = 1483B7C81E8114FB009D8C42 /* ClockTableViewCell.swift */; };
		1483B7CB1E812190009D8C42 /* Assets.xcassets in Resources */ = {isa = PBXBuildFile; fileRef = 148BFF3E1E6FCE9400E674D3 /* Assets.xcassets */; };
		1483B7D91E822A9E009D8C42 /* ConvertToDictionary.swift in Sources */ = {isa = PBXBuildFile; fileRef = 1483B7D61E822A9E009D8C42 /* ConvertToDictionary.swift */; };
		1483B7DB1E822A9E009D8C42 /* HttpClientManager.swift in Sources */ = {isa = PBXBuildFile; fileRef = 1483B7D71E822A9E009D8C42 /* HttpClientManager.swift */; };
		1483B7DE1E822AE5009D8C42 /* VerifyAppVersionModel.swift in Sources */ = {isa = PBXBuildFile; fileRef = 1483B7DC1E822AE5009D8C42 /* VerifyAppVersionModel.swift */; };
		1483B7E41E82390F009D8C42 /* swiftTest.swift in Sources */ = {isa = PBXBuildFile; fileRef = 1483B7E31E82390F009D8C42 /* swiftTest.swift */; };
		1483B7EC1E824BC9009D8C42 /* CLLrcTool.m in Sources */ = {isa = PBXBuildFile; fileRef = 14AF06BC1E7BE6C00029DD34 /* CLLrcTool.m */; };
		148878EE1E827A7F002A3C04 /* Main.storyboard in Resources */ = {isa = PBXBuildFile; fileRef = 148BFF3B1E6FCE9400E674D3 /* Main.storyboard */; };
		148879581E839E70002A3C04 /* MusicLrcView.m in Sources */ = {isa = PBXBuildFile; fileRef = 14AF06CA1E7BE6C00029DD34 /* MusicLrcView.m */; };
		148879591E839E70002A3C04 /* CLLrcTool.m in Sources */ = {isa = PBXBuildFile; fileRef = 14AF06BC1E7BE6C00029DD34 /* CLLrcTool.m */; };
		1488795A1E839E70002A3C04 /* LrcViewController.m in Sources */ = {isa = PBXBuildFile; fileRef = 148BFF391E6FCE9300E674D3 /* LrcViewController.m */; };
		1488795B1E839E70002A3C04 /* CLLrcLine.m in Sources */ = {isa = PBXBuildFile; fileRef = 14AF06C11E7BE6C00029DD34 /* CLLrcLine.m */; };
		1488795C1E839E70002A3C04 /* MusicLrcCell.m in Sources */ = {isa = PBXBuildFile; fileRef = 14AF06C61E7BE6C00029DD34 /* MusicLrcCell.m */; };
		1488795D1E839E70002A3C04 /* MusicLrcLabel.m in Sources */ = {isa = PBXBuildFile; fileRef = 14AF06C81E7BE6C00029DD34 /* MusicLrcLabel.m */; };
		1488795E1E839E70002A3C04 /* MusicLrcParser.m in Sources */ = {isa = PBXBuildFile; fileRef = 14AF06BE1E7BE6C00029DD34 /* MusicLrcParser.m */; };
		1488795F1E839E70002A3C04 /* AppDelegate.m in Sources */ = {isa = PBXBuildFile; fileRef = 148BFF361E6FCE9300E674D3 /* AppDelegate.m */; };
		148879601E839E70002A3C04 /* EffectView.m in Sources */ = {isa = PBXBuildFile; fileRef = 14AF06C41E7BE6C00029DD34 /* EffectView.m */; };
		148879611E839E70002A3C04 /* main.m in Sources */ = {isa = PBXBuildFile; fileRef = 148BFF331E6FCE9300E674D3 /* main.m */; };
		148879631E839E70002A3C04 /* MusicLRC.framework in Frameworks */ = {isa = PBXBuildFile; fileRef = 148878FA1E8288B5002A3C04 /* MusicLRC.framework */; };
		148879651E839E70002A3C04 /* Main.storyboard in Resources */ = {isa = PBXBuildFile; fileRef = 148BFF3B1E6FCE9400E674D3 /* Main.storyboard */; };
		148879661E839E70002A3C04 /* 荷塘月色.lrc in Resources */ = {isa = PBXBuildFile; fileRef = 140886721E77C048008B9466 /* 荷塘月色.lrc */; };
		148879671E839E70002A3C04 /* LaunchScreen.storyboard in Resources */ = {isa = PBXBuildFile; fileRef = 148BFF401E6FCE9400E674D3 /* LaunchScreen.storyboard */; };
		148879681E839E70002A3C04 /* qbd.lrc in Resources */ = {isa = PBXBuildFile; fileRef = 148BFF5B1E6FE54100E674D3 /* qbd.lrc */; };
		148879691E839E70002A3C04 /* 01爱与痛的边缘.lrc in Resources */ = {isa = PBXBuildFile; fileRef = 14AF068C1E7B83BD0029DD34 /* 01爱与痛的边缘.lrc */; };
		1488796A1E839E70002A3C04 /* Assets.xcassets in Resources */ = {isa = PBXBuildFile; fileRef = 148BFF3E1E6FCE9400E674D3 /* Assets.xcassets */; };
		1488796B1E839E70002A3C04 /* qbd.mp3 in Resources */ = {isa = PBXBuildFile; fileRef = 148BFF5C1E6FE54100E674D3 /* qbd.mp3 */; };
		1488796E1E839E70002A3C04 /* MusicLRC.framework in Embed Frameworks */ = {isa = PBXBuildFile; fileRef = 148878FA1E8288B5002A3C04 /* MusicLRC.framework */; settings = {ATTRIBUTES = (CodeSignOnCopy, RemoveHeadersOnCopy, ); }; };
		148BFF341E6FCE9300E674D3 /* main.m in Sources */ = {isa = PBXBuildFile; fileRef = 148BFF331E6FCE9300E674D3 /* main.m */; };
		148BFF371E6FCE9300E674D3 /* AppDelegate.m in Sources */ = {isa = PBXBuildFile; fileRef = 148BFF361E6FCE9300E674D3 /* AppDelegate.m */; };
		148BFF3A1E6FCE9300E674D3 /* LrcViewController.m in Sources */ = {isa = PBXBuildFile; fileRef = 148BFF391E6FCE9300E674D3 /* LrcViewController.m */; };
		148BFF3F1E6FCE9400E674D3 /* Assets.xcassets in Resources */ = {isa = PBXBuildFile; fileRef = 148BFF3E1E6FCE9400E674D3 /* Assets.xcassets */; };
		148BFF421E6FCE9400E674D3 /* LaunchScreen.storyboard in Resources */ = {isa = PBXBuildFile; fileRef = 148BFF401E6FCE9400E674D3 /* LaunchScreen.storyboard */; };
		148BFF5D1E6FE54100E674D3 /* qbd.lrc in Resources */ = {isa = PBXBuildFile; fileRef = 148BFF5B1E6FE54100E674D3 /* qbd.lrc */; };
		148BFF5E1E6FE54100E674D3 /* qbd.mp3 in Resources */ = {isa = PBXBuildFile; fileRef = 148BFF5C1E6FE54100E674D3 /* qbd.mp3 */; };
		14AF068D1E7B83BD0029DD34 /* 01爱与痛的边缘.lrc in Resources */ = {isa = PBXBuildFile; fileRef = 14AF068C1E7B83BD0029DD34 /* 01爱与痛的边缘.lrc */; };
		14AF068F1E7BDA720029DD34 /* 01爱与痛的边缘.lrc in Resources */ = {isa = PBXBuildFile; fileRef = 14AF068C1E7B83BD0029DD34 /* 01爱与痛的边缘.lrc */; };
		14AF06901E7BDA770029DD34 /* qbd.lrc in Resources */ = {isa = PBXBuildFile; fileRef = 148BFF5B1E6FE54100E674D3 /* qbd.lrc */; };
		14AF06CC1E7BE6C00029DD34 /* CLLrcTool.h in Headers */ = {isa = PBXBuildFile; fileRef = 14AF06BB1E7BE6C00029DD34 /* CLLrcTool.h */; };
		14AF06CE1E7BE6C00029DD34 /* CLLrcTool.m in Sources */ = {isa = PBXBuildFile; fileRef = 14AF06BC1E7BE6C00029DD34 /* CLLrcTool.m */; };
		14AF06CF1E7BE6C00029DD34 /* MusicLrcParser.h in Headers */ = {isa = PBXBuildFile; fileRef = 14AF06BD1E7BE6C00029DD34 /* MusicLrcParser.h */; };
		14AF06D11E7BE6C00029DD34 /* MusicLrcParser.m in Sources */ = {isa = PBXBuildFile; fileRef = 14AF06BE1E7BE6C00029DD34 /* MusicLrcParser.m */; };
		14AF06D21E7BE6C00029DD34 /* CLLrcLine.h in Headers */ = {isa = PBXBuildFile; fileRef = 14AF06C01E7BE6C00029DD34 /* CLLrcLine.h */; };
		14AF06D41E7BE6C00029DD34 /* CLLrcLine.m in Sources */ = {isa = PBXBuildFile; fileRef = 14AF06C11E7BE6C00029DD34 /* CLLrcLine.m */; };
		14AF06D51E7BE6C00029DD34 /* EffectView.h in Headers */ = {isa = PBXBuildFile; fileRef = 14AF06C31E7BE6C00029DD34 /* EffectView.h */; };
		14AF06D71E7BE6C00029DD34 /* EffectView.m in Sources */ = {isa = PBXBuildFile; fileRef = 14AF06C41E7BE6C00029DD34 /* EffectView.m */; };
		14AF06D81E7BE6C00029DD34 /* MusicLrcCell.h in Headers */ = {isa = PBXBuildFile; fileRef = 14AF06C51E7BE6C00029DD34 /* MusicLrcCell.h */; };
		14AF06DA1E7BE6C00029DD34 /* MusicLrcCell.m in Sources */ = {isa = PBXBuildFile; fileRef = 14AF06C61E7BE6C00029DD34 /* MusicLrcCell.m */; };
		14AF06DB1E7BE6C00029DD34 /* MusicLrcLabel.h in Headers */ = {isa = PBXBuildFile; fileRef = 14AF06C71E7BE6C00029DD34 /* MusicLrcLabel.h */; settings = {ATTRIBUTES = (Public, ); }; };
		14AF06DD1E7BE6C00029DD34 /* MusicLrcLabel.m in Sources */ = {isa = PBXBuildFile; fileRef = 14AF06C81E7BE6C00029DD34 /* MusicLrcLabel.m */; };
		84EB66951E8AA87400EA892A /* MusicAPI.swift in Sources */ = {isa = PBXBuildFile; fileRef = 84EB66941E8AA87400EA892A /* MusicAPI.swift */; };
		84EB66961E8AA87400EA892A /* MusicAPI.swift in Sources */ = {isa = PBXBuildFile; fileRef = 84EB66941E8AA87400EA892A /* MusicAPI.swift */; };
		84F0D65E1EAC94470011D0DE /* BananaHelpers.swift in Sources */ = {isa = PBXBuildFile; fileRef = 84DD9E9F1EAC6FEE0067CD03 /* BananaHelpers.swift */; };
		84F0D6601EAC94A00011D0DE /* Monkey.swift in Sources */ = {isa = PBXBuildFile; fileRef = 84F0D65F1EAC94A00011D0DE /* Monkey.swift */; };
		84F0D6681EAC9D040011D0DE /* SilliestMonkey.swift in Sources */ = {isa = PBXBuildFile; fileRef = 84F0D6671EAC9D040011D0DE /* SilliestMonkey.swift */; };
		84F0D66A1EAC9D550011D0DE /* SilliestMonkeyTest.swift in Sources */ = {isa = PBXBuildFile; fileRef = 84F0D6691EAC9D550011D0DE /* SilliestMonkeyTest.swift */; };
		84F0D66E1EACBBDD0011D0DE /* Dolphin.swift in Sources */ = {isa = PBXBuildFile; fileRef = 84F0D66D1EACBBDD0011D0DE /* Dolphin.swift */; };
		84F0D6701EACBD080011D0DE /* DolphinSpec.swift in Sources */ = {isa = PBXBuildFile; fileRef = 84F0D66F1EACBD080011D0DE /* DolphinSpec.swift */; };
		84F0D6721EACE70D0011D0DE /* BananaViewController.swift in Sources */ = {isa = PBXBuildFile; fileRef = 84F0D6711EACE70C0011D0DE /* BananaViewController.swift */; };
		84F0D6741EACE8E80011D0DE /* BananaViewControllerSpec.swift in Sources */ = {isa = PBXBuildFile; fileRef = 84F0D6731EACE8E80011D0DE /* BananaViewControllerSpec.swift */; };
		84FE2B461E87A3FF003CE93F /* LayerTableView.swift in Sources */ = {isa = PBXBuildFile; fileRef = 84FE2B451E87A3FE003CE93F /* LayerTableView.swift */; };
		D221DBA21E852BB600444AE3 /* ClockListView.swift in Sources */ = {isa = PBXBuildFile; fileRef = D221DB9F1E85282700444AE3 /* ClockListView.swift */; };
		D221DBA31E852BB800444AE3 /* ClockListView.swift in Sources */ = {isa = PBXBuildFile; fileRef = D221DB9F1E85282700444AE3 /* ClockListView.swift */; };
		D221DBA41E88C09900444AE3 /* CLLrcLine.m in Sources */ = {isa = PBXBuildFile; fileRef = 14AF06C11E7BE6C00029DD34 /* CLLrcLine.m */; };
		D221DBA51E88CC3C00444AE3 /* VerifyAppVersionModel.swift in Sources */ = {isa = PBXBuildFile; fileRef = 1483B7DC1E822AE5009D8C42 /* VerifyAppVersionModel.swift */; };
		D221DBA61E88CC4000444AE3 /* HttpClientManager.swift in Sources */ = {isa = PBXBuildFile; fileRef = 1483B7D71E822A9E009D8C42 /* HttpClientManager.swift */; };
		D221DBA71E88CC4200444AE3 /* ConvertToDictionary.swift in Sources */ = {isa = PBXBuildFile; fileRef = 1483B7D61E822A9E009D8C42 /* ConvertToDictionary.swift */; };
		D221DBA91E88F36400444AE3 /* MusicLrcModel.swift in Sources */ = {isa = PBXBuildFile; fileRef = D221DBA81E88F36300444AE3 /* MusicLrcModel.swift */; };
		D2378DB31E8DEFAF00F859D7 /* MusicLrcModel.swift in Sources */ = {isa = PBXBuildFile; fileRef = D221DBA81E88F36300444AE3 /* MusicLrcModel.swift */; };
		D2378DB41E8DF79400F859D7 /* MusicLrcView.m in Sources */ = {isa = PBXBuildFile; fileRef = 14AF06CA1E7BE6C00029DD34 /* MusicLrcView.m */; };
		D2378DB51E8DF82E00F859D7 /* EffectView.m in Sources */ = {isa = PBXBuildFile; fileRef = 14AF06C41E7BE6C00029DD34 /* EffectView.m */; };
		D2378DB61E8DF83200F859D7 /* MusicLrcCell.m in Sources */ = {isa = PBXBuildFile; fileRef = 14AF06C61E7BE6C00029DD34 /* MusicLrcCell.m */; };
		D2378DB71E8DF83400F859D7 /* MusicLrcLabel.m in Sources */ = {isa = PBXBuildFile; fileRef = 14AF06C81E7BE6C00029DD34 /* MusicLrcLabel.m */; };
		D2378DB81E8DF89400F859D7 /* MusicLrcParser.m in Sources */ = {isa = PBXBuildFile; fileRef = 14AF06BE1E7BE6C00029DD34 /* MusicLrcParser.m */; };
		D272E2C81E9BAFD400CB887B /* Podfile in Resources */ = {isa = PBXBuildFile; fileRef = D272E2C71E9BAFD400CB887B /* Podfile */; };
		D2C9A7AE1E84CFE600ED0C80 /* LrcViewController.m in Sources */ = {isa = PBXBuildFile; fileRef = 148BFF391E6FCE9300E674D3 /* LrcViewController.m */; };
		D2C9A7AF1E84CFE600ED0C80 /* AppDelegate.m in Sources */ = {isa = PBXBuildFile; fileRef = 148BFF361E6FCE9300E674D3 /* AppDelegate.m */; };
		D2C9A7B01E84CFE600ED0C80 /* main.m in Sources */ = {isa = PBXBuildFile; fileRef = 148BFF331E6FCE9300E674D3 /* main.m */; };
		D2C9A7B21E84CFE600ED0C80 /* MusicLRC.framework in Frameworks */ = {isa = PBXBuildFile; fileRef = 1408857D1E76916A008B9466 /* MusicLRC.framework */; };
		D2C9A7B41E84CFE600ED0C80 /* Main.storyboard in Resources */ = {isa = PBXBuildFile; fileRef = 148BFF3B1E6FCE9400E674D3 /* Main.storyboard */; };
		D2C9A7B51E84CFE600ED0C80 /* 荷塘月色.lrc in Resources */ = {isa = PBXBuildFile; fileRef = 140886721E77C048008B9466 /* 荷塘月色.lrc */; };
		D2C9A7B61E84CFE600ED0C80 /* LaunchScreen.storyboard in Resources */ = {isa = PBXBuildFile; fileRef = 148BFF401E6FCE9400E674D3 /* LaunchScreen.storyboard */; };
		D2C9A7B71E84CFE600ED0C80 /* qbd.lrc in Resources */ = {isa = PBXBuildFile; fileRef = 148BFF5B1E6FE54100E674D3 /* qbd.lrc */; };
		D2C9A7B81E84CFE600ED0C80 /* 01爱与痛的边缘.lrc in Resources */ = {isa = PBXBuildFile; fileRef = 14AF068C1E7B83BD0029DD34 /* 01爱与痛的边缘.lrc */; };
		D2C9A7B91E84CFE600ED0C80 /* Assets.xcassets in Resources */ = {isa = PBXBuildFile; fileRef = 148BFF3E1E6FCE9400E674D3 /* Assets.xcassets */; };
		D2C9A7BA1E84CFE600ED0C80 /* qbd.mp3 in Resources */ = {isa = PBXBuildFile; fileRef = 148BFF5C1E6FE54100E674D3 /* qbd.mp3 */; };
		D2C9A7BC1E84CFE600ED0C80 /* MusicLRC.framework in Embed Frameworks */ = {isa = PBXBuildFile; fileRef = 1408857D1E76916A008B9466 /* MusicLRC.framework */; settings = {ATTRIBUTES = (CodeSignOnCopy, RemoveHeadersOnCopy, ); }; };
		D2C9A7C21E84D02A00ED0C80 /* ConvertToDictionary.swift in Sources */ = {isa = PBXBuildFile; fileRef = 1483B7D61E822A9E009D8C42 /* ConvertToDictionary.swift */; };
		D2C9A7C31E84D02A00ED0C80 /* HttpClientManager.swift in Sources */ = {isa = PBXBuildFile; fileRef = 1483B7D71E822A9E009D8C42 /* HttpClientManager.swift */; };
		D2C9A7C41E84D02A00ED0C80 /* VerifyAppVersionModel.swift in Sources */ = {isa = PBXBuildFile; fileRef = 1483B7DC1E822AE5009D8C42 /* VerifyAppVersionModel.swift */; };
		D2C9A7C61E84D02A00ED0C80 /* EffectView.m in Sources */ = {isa = PBXBuildFile; fileRef = 14AF06C41E7BE6C00029DD34 /* EffectView.m */; };
		D2C9A7C81E84D02A00ED0C80 /* MusicLrcCell.m in Sources */ = {isa = PBXBuildFile; fileRef = 14AF06C61E7BE6C00029DD34 /* MusicLrcCell.m */; };
		D2C9A7CA1E84D02A00ED0C80 /* MusicLrcLabel.m in Sources */ = {isa = PBXBuildFile; fileRef = 14AF06C81E7BE6C00029DD34 /* MusicLrcLabel.m */; };
		D2C9A7CC1E84D02A00ED0C80 /* MusicLrcView.m in Sources */ = {isa = PBXBuildFile; fileRef = 14AF06CA1E7BE6C00029DD34 /* MusicLrcView.m */; };
		D2C9A7CE1E84D02A00ED0C80 /* TransitioningDelegate.swift in Sources */ = {isa = PBXBuildFile; fileRef = 1483B7B81E80FFCE009D8C42 /* TransitioningDelegate.swift */; };
		D2C9A7CF1E84D02A00ED0C80 /* ClockTableViewController.swift in Sources */ = {isa = PBXBuildFile; fileRef = 1483B7BB1E81024E009D8C42 /* ClockTableViewController.swift */; };
		D2C9A7D11E84D0F600ED0C80 /* CLLrcLine.m in Sources */ = {isa = PBXBuildFile; fileRef = 14AF06C11E7BE6C00029DD34 /* CLLrcLine.m */; };
		D2C9A7D21E84D0FC00ED0C80 /* CLLrcTool.m in Sources */ = {isa = PBXBuildFile; fileRef = 14AF06BC1E7BE6C00029DD34 /* CLLrcTool.m */; };
		D2C9A7D31E84D10000ED0C80 /* MusicLrcParser.m in Sources */ = {isa = PBXBuildFile; fileRef = 14AF06BE1E7BE6C00029DD34 /* MusicLrcParser.m */; };
		D2C9A7D61E84EA2E00ED0C80 /* ClockViewController.swift in Sources */ = {isa = PBXBuildFile; fileRef = D2C9A7D51E84EA2E00ED0C80 /* ClockViewController.swift */; };
		D2CAAAD01EA99D2600785B37 /* testswift.swift in Sources */ = {isa = PBXBuildFile; fileRef = D2CAAACF1EA99D2600785B37 /* testswift.swift */; };
		D2CAAAD31EA99DB300785B37 /* Banana.swift in Sources */ = {isa = PBXBuildFile; fileRef = D2CAAAD21EA99DB300785B37 /* Banana.swift */; };
		D2CAAAD51EA99F6F00785B37 /* Offer.swift in Sources */ = {isa = PBXBuildFile; fileRef = D2CAAAD41EA99F6F00785B37 /* Offer.swift */; };
		D2CAAAD71EA9A0BC00785B37 /* BananaTests.swift in Sources */ = {isa = PBXBuildFile; fileRef = D2CAAAD61EA9A0BC00785B37 /* BananaTests.swift */; };
		D2E45CD51E84F50300674BA9 /* ClockTableViewCell.swift in Sources */ = {isa = PBXBuildFile; fileRef = 1483B7C81E8114FB009D8C42 /* ClockTableViewCell.swift */; };
		F7D83FC94796297A98FBF5FB /* Pods_LrcTestTests.framework in Frameworks */ = {isa = PBXBuildFile; fileRef = D289127C06DD578410ECEDF3 /* Pods_LrcTestTests.framework */; };
		F9CAD8F2248F7F1500BBB898 /* EventDescriptionFormatter.swift in Sources */ = {isa = PBXBuildFile; fileRef = F9CAD8F1248F7F1500BBB898 /* EventDescriptionFormatter.swift */; };
		F9CAD8F6248F7FD400BBB898 /* EventDescriptionFormatterSpec.swift in Sources */ = {isa = PBXBuildFile; fileRef = F9CAD8F5248F7FD400BBB898 /* EventDescriptionFormatterSpec.swift */; };
		F9CAD8FA248F816800BBB898 /* DataProvider.swift in Sources */ = {isa = PBXBuildFile; fileRef = F9CAD8F9248F816800BBB898 /* DataProvider.swift */; };
		F9CAD8FC248F82CA00BBB898 /* TextViewControllerSpec.swift in Sources */ = {isa = PBXBuildFile; fileRef = F9CAD8FB248F82CA00BBB898 /* TextViewControllerSpec.swift */; };
		F9CAD8FF248F887300BBB898 /* Text.storyboard in Resources */ = {isa = PBXBuildFile; fileRef = F9CAD8FD248F87AB00BBB898 /* Text.storyboard */; };
		F9CAD900248F892F00BBB898 /* Text.storyboard in Resources */ = {isa = PBXBuildFile; fileRef = F9CAD8FD248F87AB00BBB898 /* Text.storyboard */; };
		FEF04887340A31D4313A1DB8 /* Pods_MusicLrcUtil.framework in Frameworks */ = {isa = PBXBuildFile; fileRef = FD97B13C2A38083C41290B81 /* Pods_MusicLrcUtil.framework */; };
/* End PBXBuildFile section */

/* Begin PBXContainerItemProxy section */
		1483B7E91E824B50009D8C42 /* PBXContainerItemProxy */ = {
			isa = PBXContainerItemProxy;
			containerPortal = 148BFF271E6FCE9200E674D3 /* Project object */;
			proxyType = 1;
			remoteGlobalIDString = 148BFF2E1E6FCE9300E674D3;
			remoteInfo = LrcTest;
		};
		14EF59F91E78DE65005ED979 /* PBXContainerItemProxy */ = {
			isa = PBXContainerItemProxy;
			containerPortal = 148BFF271E6FCE9200E674D3 /* Project object */;
			proxyType = 1;
			remoteGlobalIDString = 1408857C1E76916A008B9466;
			remoteInfo = MusicLRC;
		};
		D2C9A7AC1E84CFE600ED0C80 /* PBXContainerItemProxy */ = {
			isa = PBXContainerItemProxy;
			containerPortal = 148BFF271E6FCE9200E674D3 /* Project object */;
			proxyType = 1;
			remoteGlobalIDString = 1408857C1E76916A008B9466;
			remoteInfo = MusicLRC;
		};
/* End PBXContainerItemProxy section */

/* Begin PBXCopyFilesBuildPhase section */
		1488796D1E839E70002A3C04 /* Embed Frameworks */ = {
			isa = PBXCopyFilesBuildPhase;
			buildActionMask = 2147483647;
			dstPath = "";
			dstSubfolderSpec = 10;
			files = (
				1488796E1E839E70002A3C04 /* MusicLRC.framework in Embed Frameworks */,
			);
			name = "Embed Frameworks";
			runOnlyForDeploymentPostprocessing = 0;
		};
		148879781E839EE0002A3C04 /* Embed Frameworks */ = {
			isa = PBXCopyFilesBuildPhase;
			buildActionMask = 2147483647;
			dstPath = "";
			dstSubfolderSpec = 10;
			files = (
			);
			name = "Embed Frameworks";
			runOnlyForDeploymentPostprocessing = 0;
		};
		D2C9A7BB1E84CFE600ED0C80 /* Embed Frameworks */ = {
			isa = PBXCopyFilesBuildPhase;
			buildActionMask = 2147483647;
			dstPath = "";
			dstSubfolderSpec = 10;
			files = (
				D2C9A7BC1E84CFE600ED0C80 /* MusicLRC.framework in Embed Frameworks */,
			);
			name = "Embed Frameworks";
			runOnlyForDeploymentPostprocessing = 0;
		};
/* End PBXCopyFilesBuildPhase section */

/* Begin PBXFileReference section */
		1408857D1E76916A008B9466 /* MusicLRC.framework */ = {isa = PBXFileReference; explicitFileType = wrapper.framework; includeInIndex = 0; path = MusicLRC.framework; sourceTree = BUILT_PRODUCTS_DIR; };
		1408857F1E76916D008B9466 /* MusicLRC.h */ = {isa = PBXFileReference; lastKnownFileType = sourcecode.c.h; path = MusicLRC.h; sourceTree = "<group>"; };
		140885801E76916D008B9466 /* Info.plist */ = {isa = PBXFileReference; lastKnownFileType = text.plist.xml; path = Info.plist; sourceTree = "<group>"; };
		140886721E77C048008B9466 /* 荷塘月色.lrc */ = {isa = PBXFileReference; fileEncoding = 4; lastKnownFileType = text; path = "荷塘月色.lrc"; sourceTree = "<group>"; };
		144B8E0F1E9783FF009969E8 /* VerifyAppTool.h */ = {isa = PBXFileReference; fileEncoding = 4; lastKnownFileType = sourcecode.c.h; path = VerifyAppTool.h; sourceTree = "<group>"; };
		144B8E101E9783FF009969E8 /* VerifyAppTool.m */ = {isa = PBXFileReference; fileEncoding = 4; lastKnownFileType = sourcecode.c.objc; path = VerifyAppTool.m; sourceTree = "<group>"; };
		1483B7B81E80FFCE009D8C42 /* TransitioningDelegate.swift */ = {isa = PBXFileReference; fileEncoding = 4; lastKnownFileType = sourcecode.swift; path = TransitioningDelegate.swift; sourceTree = "<group>"; };
		1483B7BB1E81024E009D8C42 /* ClockTableViewController.swift */ = {isa = PBXFileReference; fileEncoding = 4; lastKnownFileType = sourcecode.swift; path = ClockTableViewController.swift; sourceTree = "<group>"; };
		1483B7C81E8114FB009D8C42 /* ClockTableViewCell.swift */ = {isa = PBXFileReference; lastKnownFileType = sourcecode.swift; path = ClockTableViewCell.swift; sourceTree = "<group>"; };
		1483B7D61E822A9E009D8C42 /* ConvertToDictionary.swift */ = {isa = PBXFileReference; fileEncoding = 4; lastKnownFileType = sourcecode.swift; path = ConvertToDictionary.swift; sourceTree = "<group>"; };
		1483B7D71E822A9E009D8C42 /* HttpClientManager.swift */ = {isa = PBXFileReference; fileEncoding = 4; lastKnownFileType = sourcecode.swift; path = HttpClientManager.swift; sourceTree = "<group>"; };
		1483B7DC1E822AE5009D8C42 /* VerifyAppVersionModel.swift */ = {isa = PBXFileReference; fileEncoding = 4; lastKnownFileType = sourcecode.swift; path = VerifyAppVersionModel.swift; sourceTree = "<group>"; };
		1483B7E01E8238B5009D8C42 /* LrcTestTests-Bridging-Header.h */ = {isa = PBXFileReference; lastKnownFileType = sourcecode.c.h; path = "LrcTestTests-Bridging-Header.h"; sourceTree = "<group>"; };
		1483B7E31E82390F009D8C42 /* swiftTest.swift */ = {isa = PBXFileReference; fileEncoding = 4; lastKnownFileType = sourcecode.swift; path = swiftTest.swift; sourceTree = "<group>"; };
		148878FA1E8288B5002A3C04 /* MusicLRC.framework */ = {isa = PBXFileReference; lastKnownFileType = wrapper.framework; path = MusicLRC.framework; sourceTree = "<group>"; };
		148879721E839E70002A3C04 /* MusicLocal.app */ = {isa = PBXFileReference; explicitFileType = wrapper.application; includeInIndex = 0; path = MusicLocal.app; sourceTree = BUILT_PRODUCTS_DIR; };
		148BFF2F1E6FCE9300E674D3 /* MusicLrcUtil.app */ = {isa = PBXFileReference; explicitFileType = wrapper.application; includeInIndex = 0; path = MusicLrcUtil.app; sourceTree = BUILT_PRODUCTS_DIR; };
		148BFF331E6FCE9300E674D3 /* main.m */ = {isa = PBXFileReference; lastKnownFileType = sourcecode.c.objc; path = main.m; sourceTree = "<group>"; };
		148BFF351E6FCE9300E674D3 /* AppDelegate.h */ = {isa = PBXFileReference; lastKnownFileType = sourcecode.c.h; path = AppDelegate.h; sourceTree = "<group>"; };
		148BFF361E6FCE9300E674D3 /* AppDelegate.m */ = {isa = PBXFileReference; lastKnownFileType = sourcecode.c.objc; path = AppDelegate.m; sourceTree = "<group>"; };
		148BFF381E6FCE9300E674D3 /* LrcViewController.h */ = {isa = PBXFileReference; lastKnownFileType = sourcecode.c.h; path = LrcViewController.h; sourceTree = "<group>"; };
		148BFF391E6FCE9300E674D3 /* LrcViewController.m */ = {isa = PBXFileReference; lastKnownFileType = sourcecode.c.objc; path = LrcViewController.m; sourceTree = "<group>"; };
		148BFF3C1E6FCE9400E674D3 /* Base */ = {isa = PBXFileReference; lastKnownFileType = file.storyboard; name = Base; path = Base.lproj/Main.storyboard; sourceTree = "<group>"; };
		148BFF3E1E6FCE9400E674D3 /* Assets.xcassets */ = {isa = PBXFileReference; lastKnownFileType = folder.assetcatalog; path = Assets.xcassets; sourceTree = "<group>"; };
		148BFF411E6FCE9400E674D3 /* Base */ = {isa = PBXFileReference; lastKnownFileType = file.storyboard; name = Base; path = Base.lproj/LaunchScreen.storyboard; sourceTree = "<group>"; };
		148BFF431E6FCE9400E674D3 /* Info.plist */ = {isa = PBXFileReference; lastKnownFileType = text.plist.xml; path = Info.plist; sourceTree = "<group>"; };
		148BFF481E6FCE9500E674D3 /* LrcTestTests.xctest */ = {isa = PBXFileReference; explicitFileType = wrapper.cfbundle; includeInIndex = 0; path = LrcTestTests.xctest; sourceTree = BUILT_PRODUCTS_DIR; };
		148BFF4C1E6FCE9500E674D3 /* LrcTestTests.m */ = {isa = PBXFileReference; lastKnownFileType = sourcecode.c.objc; path = LrcTestTests.m; sourceTree = "<group>"; };
		148BFF4E1E6FCE9500E674D3 /* Info.plist */ = {isa = PBXFileReference; lastKnownFileType = text.plist.xml; path = Info.plist; sourceTree = "<group>"; };
		148BFF5B1E6FE54100E674D3 /* qbd.lrc */ = {isa = PBXFileReference; fileEncoding = 4; lastKnownFileType = text; path = qbd.lrc; sourceTree = "<group>"; };
		148BFF5C1E6FE54100E674D3 /* qbd.mp3 */ = {isa = PBXFileReference; lastKnownFileType = audio.mp3; path = qbd.mp3; sourceTree = "<group>"; };
		148BFF6C1E70F98D00E674D3 /* daotuu.jpg */ = {isa = PBXFileReference; lastKnownFileType = image.jpeg; path = daotuu.jpg; sourceTree = "<group>"; };
		14AF065E1E7A408D0029DD34 /* README.md */ = {isa = PBXFileReference; lastKnownFileType = net.daringfireball.markdown; path = README.md; sourceTree = SOURCE_ROOT; };
		14AF06601E7A40A80029DD34 /* buildNumber.sh */ = {isa = PBXFileReference; lastKnownFileType = text.script.sh; path = buildNumber.sh; sourceTree = "<group>"; };
		14AF06611E7A40A80029DD34 /* CommonDylib.sh */ = {isa = PBXFileReference; lastKnownFileType = text.script.sh; path = CommonDylib.sh; sourceTree = "<group>"; };
		14AF06641E7A40A80029DD34 /* 全局变量.sh */ = {isa = PBXFileReference; lastKnownFileType = text.script.sh; path = "全局变量.sh"; sourceTree = "<group>"; };
		14AF06651E7A48E70029DD34 /* pushPodSpec.sh */ = {isa = PBXFileReference; lastKnownFileType = text.script.sh; path = pushPodSpec.sh; sourceTree = "<group>"; };
		14AF068C1E7B83BD0029DD34 /* 01爱与痛的边缘.lrc */ = {isa = PBXFileReference; fileEncoding = 4; lastKnownFileType = text; path = "01爱与痛的边缘.lrc"; sourceTree = "<group>"; };
		14AF068E1E7BB1A80029DD34 /* LRC.playground */ = {isa = PBXFileReference; lastKnownFileType = file.playground; path = LRC.playground; sourceTree = "<group>"; xcLanguageSpecificationIdentifier = xcode.lang.swift; };
		14AF06BB1E7BE6C00029DD34 /* CLLrcTool.h */ = {isa = PBXFileReference; fileEncoding = 4; lastKnownFileType = sourcecode.c.h; path = CLLrcTool.h; sourceTree = "<group>"; };
		14AF06BC1E7BE6C00029DD34 /* CLLrcTool.m */ = {isa = PBXFileReference; fileEncoding = 4; lastKnownFileType = sourcecode.c.objc; path = CLLrcTool.m; sourceTree = "<group>"; };
		14AF06BD1E7BE6C00029DD34 /* MusicLrcParser.h */ = {isa = PBXFileReference; fileEncoding = 4; lastKnownFileType = sourcecode.c.h; path = MusicLrcParser.h; sourceTree = "<group>"; };
		14AF06BE1E7BE6C00029DD34 /* MusicLrcParser.m */ = {isa = PBXFileReference; fileEncoding = 4; lastKnownFileType = sourcecode.c.objc; path = MusicLrcParser.m; sourceTree = "<group>"; };
		14AF06C01E7BE6C00029DD34 /* CLLrcLine.h */ = {isa = PBXFileReference; fileEncoding = 4; lastKnownFileType = sourcecode.c.h; path = CLLrcLine.h; sourceTree = "<group>"; };
		14AF06C11E7BE6C00029DD34 /* CLLrcLine.m */ = {isa = PBXFileReference; fileEncoding = 4; lastKnownFileType = sourcecode.c.objc; path = CLLrcLine.m; sourceTree = "<group>"; };
		14AF06C31E7BE6C00029DD34 /* EffectView.h */ = {isa = PBXFileReference; fileEncoding = 4; lastKnownFileType = sourcecode.c.h; path = EffectView.h; sourceTree = "<group>"; };
		14AF06C41E7BE6C00029DD34 /* EffectView.m */ = {isa = PBXFileReference; fileEncoding = 4; lastKnownFileType = sourcecode.c.objc; path = EffectView.m; sourceTree = "<group>"; };
		14AF06C51E7BE6C00029DD34 /* MusicLrcCell.h */ = {isa = PBXFileReference; fileEncoding = 4; lastKnownFileType = sourcecode.c.h; path = MusicLrcCell.h; sourceTree = "<group>"; };
		14AF06C61E7BE6C00029DD34 /* MusicLrcCell.m */ = {isa = PBXFileReference; fileEncoding = 4; lastKnownFileType = sourcecode.c.objc; path = MusicLrcCell.m; sourceTree = "<group>"; };
		14AF06C71E7BE6C00029DD34 /* MusicLrcLabel.h */ = {isa = PBXFileReference; fileEncoding = 4; lastKnownFileType = sourcecode.c.h; path = MusicLrcLabel.h; sourceTree = "<group>"; };
		14AF06C81E7BE6C00029DD34 /* MusicLrcLabel.m */ = {isa = PBXFileReference; fileEncoding = 4; lastKnownFileType = sourcecode.c.objc; path = MusicLrcLabel.m; sourceTree = "<group>"; };
		14AF06C91E7BE6C00029DD34 /* MusicLrcView.h */ = {isa = PBXFileReference; fileEncoding = 4; lastKnownFileType = sourcecode.c.h; path = MusicLrcView.h; sourceTree = "<group>"; };
		14AF06CA1E7BE6C00029DD34 /* MusicLrcView.m */ = {isa = PBXFileReference; fileEncoding = 4; lastKnownFileType = sourcecode.c.objc; path = MusicLrcView.m; sourceTree = "<group>"; };
		14C9EC361E80C613002364E2 /* LrcTest-Bridging-Header.h */ = {isa = PBXFileReference; lastKnownFileType = sourcecode.c.h; path = "LrcTest-Bridging-Header.h"; sourceTree = "<group>"; };
		1EA3F3A3D2BE7E837931CBA1 /* Pods-MusicLrcUtil.debug.xcconfig */ = {isa = PBXFileReference; includeInIndex = 1; lastKnownFileType = text.xcconfig; name = "Pods-MusicLrcUtil.debug.xcconfig"; path = "../Pods/Target Support Files/Pods-MusicLrcUtil/Pods-MusicLrcUtil.debug.xcconfig"; sourceTree = "<group>"; };
		2BBB720736BB18DEDA9717C7 /* Pods-LrcTest.release.xcconfig */ = {isa = PBXFileReference; includeInIndex = 1; lastKnownFileType = text.xcconfig; name = "Pods-LrcTest.release.xcconfig"; path = "Pods/Target Support Files/Pods-LrcTest/Pods-LrcTest.release.xcconfig"; sourceTree = "<group>"; };
		315A994BBD4D7819B093B229 /* Pods_LrcTest.framework */ = {isa = PBXFileReference; explicitFileType = wrapper.framework; includeInIndex = 0; path = Pods_LrcTest.framework; sourceTree = BUILT_PRODUCTS_DIR; };
		7E8C354E49E3E73FC0888625 /* Pods-LrcTest.debug.xcconfig */ = {isa = PBXFileReference; includeInIndex = 1; lastKnownFileType = text.xcconfig; name = "Pods-LrcTest.debug.xcconfig"; path = "Pods/Target Support Files/Pods-LrcTest/Pods-LrcTest.debug.xcconfig"; sourceTree = "<group>"; };
		83B25AF64C616AE5285C556F /* Pods-MusicLrcUtil.release.xcconfig */ = {isa = PBXFileReference; includeInIndex = 1; lastKnownFileType = text.xcconfig; name = "Pods-MusicLrcUtil.release.xcconfig"; path = "../Pods/Target Support Files/Pods-MusicLrcUtil/Pods-MusicLrcUtil.release.xcconfig"; sourceTree = "<group>"; };
		84DD9E9F1EAC6FEE0067CD03 /* BananaHelpers.swift */ = {isa = PBXFileReference; fileEncoding = 4; lastKnownFileType = sourcecode.swift; name = BananaHelpers.swift; path = "Arrange+Act+Assert/BananaHelpers.swift"; sourceTree = "<group>"; };
		84EB66941E8AA87400EA892A /* MusicAPI.swift */ = {isa = PBXFileReference; fileEncoding = 4; lastKnownFileType = sourcecode.swift; path = MusicAPI.swift; sourceTree = "<group>"; };
		84F0D65F1EAC94A00011D0DE /* Monkey.swift */ = {isa = PBXFileReference; fileEncoding = 4; lastKnownFileType = sourcecode.swift; name = Monkey.swift; path = "Arrange+Act+Assert/Monkey.swift"; sourceTree = "<group>"; };
		84F0D6671EAC9D040011D0DE /* SilliestMonkey.swift */ = {isa = PBXFileReference; fileEncoding = 4; lastKnownFileType = sourcecode.swift; name = SilliestMonkey.swift; path = "Arrange+Act+Assert/SilliestMonkey.swift"; sourceTree = "<group>"; };
		84F0D6691EAC9D550011D0DE /* SilliestMonkeyTest.swift */ = {isa = PBXFileReference; fileEncoding = 4; lastKnownFileType = sourcecode.swift; name = SilliestMonkeyTest.swift; path = "Arrange+Act+Assert/SilliestMonkeyTest.swift"; sourceTree = "<group>"; };
		84F0D66D1EACBBDD0011D0DE /* Dolphin.swift */ = {isa = PBXFileReference; fileEncoding = 4; lastKnownFileType = sourcecode.swift; name = Dolphin.swift; path = Spec/Dolphin.swift; sourceTree = "<group>"; };
		84F0D66F1EACBD080011D0DE /* DolphinSpec.swift */ = {isa = PBXFileReference; fileEncoding = 4; lastKnownFileType = sourcecode.swift; name = DolphinSpec.swift; path = Spec/DolphinSpec.swift; sourceTree = "<group>"; };
		84F0D6711EACE70C0011D0DE /* BananaViewController.swift */ = {isa = PBXFileReference; fileEncoding = 4; lastKnownFileType = sourcecode.swift; name = BananaViewController.swift; path = Spec/BananaViewController.swift; sourceTree = "<group>"; };
		84F0D6731EACE8E80011D0DE /* BananaViewControllerSpec.swift */ = {isa = PBXFileReference; fileEncoding = 4; lastKnownFileType = sourcecode.swift; name = BananaViewControllerSpec.swift; path = Spec/BananaViewControllerSpec.swift; sourceTree = "<group>"; };
		84FE2B451E87A3FE003CE93F /* LayerTableView.swift */ = {isa = PBXFileReference; fileEncoding = 4; lastKnownFileType = sourcecode.swift; path = LayerTableView.swift; sourceTree = "<group>"; };
		A165D5D8E5420C58BC44AE73 /* Pods-LrcTestTests.debug.xcconfig */ = {isa = PBXFileReference; includeInIndex = 1; lastKnownFileType = text.xcconfig; name = "Pods-LrcTestTests.debug.xcconfig"; path = "../Pods/Target Support Files/Pods-LrcTestTests/Pods-LrcTestTests.debug.xcconfig"; sourceTree = "<group>"; };
		A623B794164C5DA7208F8D19 /* Pods-LrcTestTests.release.xcconfig */ = {isa = PBXFileReference; includeInIndex = 1; lastKnownFileType = text.xcconfig; name = "Pods-LrcTestTests.release.xcconfig"; path = "../Pods/Target Support Files/Pods-LrcTestTests/Pods-LrcTestTests.release.xcconfig"; sourceTree = "<group>"; };
		D221DB9F1E85282700444AE3 /* ClockListView.swift */ = {isa = PBXFileReference; fileEncoding = 4; lastKnownFileType = sourcecode.swift; path = ClockListView.swift; sourceTree = "<group>"; };
		D221DBA81E88F36300444AE3 /* MusicLrcModel.swift */ = {isa = PBXFileReference; fileEncoding = 4; lastKnownFileType = sourcecode.swift; path = MusicLrcModel.swift; sourceTree = "<group>"; };
		D272E2C71E9BAFD400CB887B /* Podfile */ = {isa = PBXFileReference; explicitFileType = text.script.ruby; fileEncoding = 4; path = Podfile; sourceTree = "<group>"; xcLanguageSpecificationIdentifier = xcode.lang.ruby; };
		D289127C06DD578410ECEDF3 /* Pods_LrcTestTests.framework */ = {isa = PBXFileReference; explicitFileType = wrapper.framework; includeInIndex = 0; path = Pods_LrcTestTests.framework; sourceTree = BUILT_PRODUCTS_DIR; };
		D2C9A7C01E84CFE600ED0C80 /* LrcSDK.app */ = {isa = PBXFileReference; explicitFileType = wrapper.application; includeInIndex = 0; path = LrcSDK.app; sourceTree = BUILT_PRODUCTS_DIR; };
		D2C9A7D51E84EA2E00ED0C80 /* ClockViewController.swift */ = {isa = PBXFileReference; fileEncoding = 4; lastKnownFileType = sourcecode.swift; path = ClockViewController.swift; sourceTree = "<group>"; };
		D2CAAACF1EA99D2600785B37 /* testswift.swift */ = {isa = PBXFileReference; fileEncoding = 4; lastKnownFileType = sourcecode.swift; path = testswift.swift; sourceTree = "<group>"; };
		D2CAAAD21EA99DB300785B37 /* Banana.swift */ = {isa = PBXFileReference; fileEncoding = 4; lastKnownFileType = sourcecode.swift; name = Banana.swift; path = "Arrange+Act+Assert/Banana.swift"; sourceTree = "<group>"; };
		D2CAAAD41EA99F6F00785B37 /* Offer.swift */ = {isa = PBXFileReference; fileEncoding = 4; lastKnownFileType = sourcecode.swift; name = Offer.swift; path = "Arrange+Act+Assert/Offer.swift"; sourceTree = "<group>"; };
		D2CAAAD61EA9A0BC00785B37 /* BananaTests.swift */ = {isa = PBXFileReference; fileEncoding = 4; lastKnownFileType = sourcecode.swift; name = BananaTests.swift; path = "Arrange+Act+Assert/BananaTests.swift"; sourceTree = "<group>"; };
		F9258648246FD3DE0031EC3E /* MusicLrc.podspec */ = {isa = PBXFileReference; explicitFileType = text.script.ruby; path = MusicLrc.podspec; sourceTree = "<group>"; xcLanguageSpecificationIdentifier = xcode.lang.ruby; };
		F9CAD8EF248F787400BBB898 /* README.md */ = {isa = PBXFileReference; lastKnownFileType = net.daringfireball.markdown; path = README.md; sourceTree = "<group>"; };
		F9CAD8F1248F7F1500BBB898 /* EventDescriptionFormatter.swift */ = {isa = PBXFileReference; lastKnownFileType = sourcecode.swift; name = EventDescriptionFormatter.swift; path = MockInSwift/EventDescriptionFormatter.swift; sourceTree = "<group>"; };
		F9CAD8F5248F7FD400BBB898 /* EventDescriptionFormatterSpec.swift */ = {isa = PBXFileReference; lastKnownFileType = sourcecode.swift; name = EventDescriptionFormatterSpec.swift; path = MockInSwift/EventDescriptionFormatterSpec.swift; sourceTree = "<group>"; };
		F9CAD8F9248F816800BBB898 /* DataProvider.swift */ = {isa = PBXFileReference; lastKnownFileType = sourcecode.swift; name = DataProvider.swift; path = MockInSwift/DataProvider.swift; sourceTree = "<group>"; };
		F9CAD8FB248F82CA00BBB898 /* TextViewControllerSpec.swift */ = {isa = PBXFileReference; lastKnownFileType = sourcecode.swift; name = TextViewControllerSpec.swift; path = MockInSwift/TextViewControllerSpec.swift; sourceTree = "<group>"; };
		F9CAD8FD248F87AB00BBB898 /* Text.storyboard */ = {isa = PBXFileReference; lastKnownFileType = file.storyboard; name = Text.storyboard; path = MockInSwift/Text.storyboard; sourceTree = "<group>"; };
		FD97B13C2A38083C41290B81 /* Pods_MusicLrcUtil.framework */ = {isa = PBXFileReference; explicitFileType = wrapper.framework; includeInIndex = 0; path = Pods_MusicLrcUtil.framework; sourceTree = BUILT_PRODUCTS_DIR; };
/* End PBXFileReference section */

/* Begin PBXFrameworksBuildPhase section */
		140885791E76916A008B9466 /* Frameworks */ = {
			isa = PBXFrameworksBuildPhase;
			buildActionMask = 2147483647;
			files = (
			);
			runOnlyForDeploymentPostprocessing = 0;
		};
		148879621E839E70002A3C04 /* Frameworks */ = {
			isa = PBXFrameworksBuildPhase;
			buildActionMask = 2147483647;
			files = (
				148879631E839E70002A3C04 /* MusicLRC.framework in Frameworks */,
			);
			runOnlyForDeploymentPostprocessing = 0;
		};
		148BFF2C1E6FCE9300E674D3 /* Frameworks */ = {
			isa = PBXFrameworksBuildPhase;
			buildActionMask = 2147483647;
			files = (
				FEF04887340A31D4313A1DB8 /* Pods_MusicLrcUtil.framework in Frameworks */,
			);
			runOnlyForDeploymentPostprocessing = 0;
		};
		148BFF451E6FCE9500E674D3 /* Frameworks */ = {
			isa = PBXFrameworksBuildPhase;
			buildActionMask = 2147483647;
			files = (
				F7D83FC94796297A98FBF5FB /* Pods_LrcTestTests.framework in Frameworks */,
			);
			runOnlyForDeploymentPostprocessing = 0;
		};
		D2C9A7B11E84CFE600ED0C80 /* Frameworks */ = {
			isa = PBXFrameworksBuildPhase;
			buildActionMask = 2147483647;
			files = (
				D2C9A7B21E84CFE600ED0C80 /* MusicLRC.framework in Frameworks */,
			);
			runOnlyForDeploymentPostprocessing = 0;
		};
/* End PBXFrameworksBuildPhase section */

/* Begin PBXGroup section */
		1408857E1E76916D008B9466 /* MusicLRC */ = {
			isa = PBXGroup;
			children = (
				14AF065F1E7A40A80029DD34 /* Products */,
				1408857F1E76916D008B9466 /* MusicLRC.h */,
				140885801E76916D008B9466 /* Info.plist */,
				14AF065E1E7A408D0029DD34 /* README.md */,
			);
			path = MusicLRC;
			sourceTree = "<group>";
		};
		1483B7D51E822A9D009D8C42 /* HTTP */ = {
			isa = PBXGroup;
			children = (
				1483B7D61E822A9E009D8C42 /* ConvertToDictionary.swift */,
				1483B7D71E822A9E009D8C42 /* HttpClientManager.swift */,
			);
			path = HTTP;
			sourceTree = "<group>";
		};
		148BFF261E6FCE9200E674D3 = {
			isa = PBXGroup;
			children = (
				D272E2C71E9BAFD400CB887B /* Podfile */,
				F9258648246FD3DE0031EC3E /* MusicLrc.podspec */,
				148BFF311E6FCE9300E674D3 /* MusicLrcUtil */,
				148BFF4B1E6FCE9500E674D3 /* MusicLrcUtilTests */,
				1408857E1E76916D008B9466 /* MusicLRC */,
				148BFF301E6FCE9300E674D3 /* Products */,
				F4519031338CF8FC6866D78D /* Pods */,
				28EDAF39CEA14EB7401CFC68 /* Frameworks */,
			);
			sourceTree = "<group>";
		};
		148BFF301E6FCE9300E674D3 /* Products */ = {
			isa = PBXGroup;
			children = (
				148BFF2F1E6FCE9300E674D3 /* MusicLrcUtil.app */,
				148BFF481E6FCE9500E674D3 /* LrcTestTests.xctest */,
				1408857D1E76916A008B9466 /* MusicLRC.framework */,
				148879721E839E70002A3C04 /* MusicLocal.app */,
				D2C9A7C01E84CFE600ED0C80 /* LrcSDK.app */,
			);
			name = Products;
			sourceTree = "<group>";
		};
		148BFF311E6FCE9300E674D3 /* MusicLrcUtil */ = {
			isa = PBXGroup;
			children = (
				14AF06B91E7BE6C00029DD34 /* Classes */,
				148BFF351E6FCE9300E674D3 /* AppDelegate.h */,
				148BFF361E6FCE9300E674D3 /* AppDelegate.m */,
				148BFF381E6FCE9300E674D3 /* LrcViewController.h */,
				148BFF391E6FCE9300E674D3 /* LrcViewController.m */,
				84FE2B451E87A3FE003CE93F /* LayerTableView.swift */,
				D2C9A7D51E84EA2E00ED0C80 /* ClockViewController.swift */,
				148BFF3B1E6FCE9400E674D3 /* Main.storyboard */,
				148BFF3E1E6FCE9400E674D3 /* Assets.xcassets */,
				148BFF401E6FCE9400E674D3 /* LaunchScreen.storyboard */,
				148BFF431E6FCE9400E674D3 /* Info.plist */,
				14C9EC361E80C613002364E2 /* LrcTest-Bridging-Header.h */,
				148BFF321E6FCE9300E674D3 /* Supporting Files */,
			);
			name = MusicLrcUtil;
			path = LrcTest;
			sourceTree = "<group>";
		};
		148BFF321E6FCE9300E674D3 /* Supporting Files */ = {
			isa = PBXGroup;
			children = (
				14AF068C1E7B83BD0029DD34 /* 01爱与痛的边缘.lrc */,
				148BFF6C1E70F98D00E674D3 /* daotuu.jpg */,
				148BFF5B1E6FE54100E674D3 /* qbd.lrc */,
				140886721E77C048008B9466 /* 荷塘月色.lrc */,
				148BFF5C1E6FE54100E674D3 /* qbd.mp3 */,
				148BFF331E6FCE9300E674D3 /* main.m */,
			);
			name = "Supporting Files";
			sourceTree = "<group>";
		};
		148BFF4B1E6FCE9500E674D3 /* MusicLrcUtilTests */ = {
			isa = PBXGroup;
			children = (
				F9CAD8F0248F7EA400BBB898 /* MockInSwift */,
				D2CAAAD11EA99D6800785B37 /* Arrange+Act+Assert */,
				F9CAD8EE248F774200BBB898 /* Nimble Assertions */,
				84F0D66C1EACBAD20011D0DE /* Quick+Nimble */,
				148BFF4C1E6FCE9500E674D3 /* LrcTestTests.m */,
				148BFF4E1E6FCE9500E674D3 /* Info.plist */,
				14AF068E1E7BB1A80029DD34 /* LRC.playground */,
				1483B7E01E8238B5009D8C42 /* LrcTestTests-Bridging-Header.h */,
				1483B7E31E82390F009D8C42 /* swiftTest.swift */,
				D2CAAACF1EA99D2600785B37 /* testswift.swift */,
				F9CAD8EF248F787400BBB898 /* README.md */,
			);
			name = MusicLrcUtilTests;
			path = LrcTestTests;
			sourceTree = "<group>";
		};
		14AF065F1E7A40A80029DD34 /* Products */ = {
			isa = PBXGroup;
			children = (
				148878FA1E8288B5002A3C04 /* MusicLRC.framework */,
				14AF06601E7A40A80029DD34 /* buildNumber.sh */,
				14AF06611E7A40A80029DD34 /* CommonDylib.sh */,
				14AF06641E7A40A80029DD34 /* 全局变量.sh */,
				14AF06651E7A48E70029DD34 /* pushPodSpec.sh */,
			);
			path = Products;
			sourceTree = SOURCE_ROOT;
		};
		14AF06B91E7BE6C00029DD34 /* Classes */ = {
			isa = PBXGroup;
			children = (
				84EB66941E8AA87400EA892A /* MusicAPI.swift */,
				1483B7D51E822A9D009D8C42 /* HTTP */,
				14AF06BA1E7BE6C00029DD34 /* LrcUtil */,
				14AF06BF1E7BE6C00029DD34 /* Model */,
				14AF06C21E7BE6C00029DD34 /* view */,
				14AF06CB1E7BE6C00029DD34 /* ViewModel */,
			);
			path = Classes;
			sourceTree = "<group>";
		};
		14AF06BA1E7BE6C00029DD34 /* LrcUtil */ = {
			isa = PBXGroup;
			children = (
				144B8E0F1E9783FF009969E8 /* VerifyAppTool.h */,
				144B8E101E9783FF009969E8 /* VerifyAppTool.m */,
				14AF06BB1E7BE6C00029DD34 /* CLLrcTool.h */,
				14AF06BC1E7BE6C00029DD34 /* CLLrcTool.m */,
				14AF06BD1E7BE6C00029DD34 /* MusicLrcParser.h */,
				14AF06BE1E7BE6C00029DD34 /* MusicLrcParser.m */,
			);
			path = LrcUtil;
			sourceTree = "<group>";
		};
		14AF06BF1E7BE6C00029DD34 /* Model */ = {
			isa = PBXGroup;
			children = (
				14AF06C01E7BE6C00029DD34 /* CLLrcLine.h */,
				14AF06C11E7BE6C00029DD34 /* CLLrcLine.m */,
				1483B7DC1E822AE5009D8C42 /* VerifyAppVersionModel.swift */,
				D221DBA81E88F36300444AE3 /* MusicLrcModel.swift */,
			);
			path = Model;
			sourceTree = "<group>";
		};
		14AF06C21E7BE6C00029DD34 /* view */ = {
			isa = PBXGroup;
			children = (
				14AF06C31E7BE6C00029DD34 /* EffectView.h */,
				14AF06C41E7BE6C00029DD34 /* EffectView.m */,
				14AF06C51E7BE6C00029DD34 /* MusicLrcCell.h */,
				14AF06C61E7BE6C00029DD34 /* MusicLrcCell.m */,
				14AF06C71E7BE6C00029DD34 /* MusicLrcLabel.h */,
				14AF06C81E7BE6C00029DD34 /* MusicLrcLabel.m */,
				14AF06C91E7BE6C00029DD34 /* MusicLrcView.h */,
				14AF06CA1E7BE6C00029DD34 /* MusicLrcView.m */,
				1483B7B81E80FFCE009D8C42 /* TransitioningDelegate.swift */,
				1483B7BB1E81024E009D8C42 /* ClockTableViewController.swift */,
				D221DB9F1E85282700444AE3 /* ClockListView.swift */,
				1483B7C81E8114FB009D8C42 /* ClockTableViewCell.swift */,
			);
			path = view;
			sourceTree = "<group>";
		};
		14AF06CB1E7BE6C00029DD34 /* ViewModel */ = {
			isa = PBXGroup;
			children = (
			);
			path = ViewModel;
			sourceTree = "<group>";
		};
		28EDAF39CEA14EB7401CFC68 /* Frameworks */ = {
			isa = PBXGroup;
			children = (
				315A994BBD4D7819B093B229 /* Pods_LrcTest.framework */,
				D289127C06DD578410ECEDF3 /* Pods_LrcTestTests.framework */,
				FD97B13C2A38083C41290B81 /* Pods_MusicLrcUtil.framework */,
			);
			name = Frameworks;
			sourceTree = "<group>";
		};
		84F0D66C1EACBAD20011D0DE /* Quick+Nimble */ = {
			isa = PBXGroup;
			children = (
				84F0D66D1EACBBDD0011D0DE /* Dolphin.swift */,
				84F0D66F1EACBD080011D0DE /* DolphinSpec.swift */,
				84F0D6711EACE70C0011D0DE /* BananaViewController.swift */,
				84F0D6731EACE8E80011D0DE /* BananaViewControllerSpec.swift */,
			);
			name = "Quick+Nimble";
			sourceTree = "<group>";
		};
		D2CAAAD11EA99D6800785B37 /* Arrange+Act+Assert */ = {
			isa = PBXGroup;
			children = (
				84DD9E9F1EAC6FEE0067CD03 /* BananaHelpers.swift */,
				D2CAAAD21EA99DB300785B37 /* Banana.swift */,
				D2CAAAD41EA99F6F00785B37 /* Offer.swift */,
				D2CAAAD61EA9A0BC00785B37 /* BananaTests.swift */,
			);
			name = "Arrange+Act+Assert";
			sourceTree = "<group>";
		};
		F4519031338CF8FC6866D78D /* Pods */ = {
			isa = PBXGroup;
			children = (
				7E8C354E49E3E73FC0888625 /* Pods-LrcTest.debug.xcconfig */,
				2BBB720736BB18DEDA9717C7 /* Pods-LrcTest.release.xcconfig */,
				A165D5D8E5420C58BC44AE73 /* Pods-LrcTestTests.debug.xcconfig */,
				A623B794164C5DA7208F8D19 /* Pods-LrcTestTests.release.xcconfig */,
				1EA3F3A3D2BE7E837931CBA1 /* Pods-MusicLrcUtil.debug.xcconfig */,
				83B25AF64C616AE5285C556F /* Pods-MusicLrcUtil.release.xcconfig */,
			);
			name = Pods;
			sourceTree = "<group>";
		};
		F9CAD8EE248F774200BBB898 /* Nimble Assertions */ = {
			isa = PBXGroup;
			children = (
				84F0D65F1EAC94A00011D0DE /* Monkey.swift */,
				84F0D6671EAC9D040011D0DE /* SilliestMonkey.swift */,
				84F0D6691EAC9D550011D0DE /* SilliestMonkeyTest.swift */,
			);
			name = "Nimble Assertions";
			sourceTree = "<group>";
		};
		F9CAD8F0248F7EA400BBB898 /* MockInSwift */ = {
			isa = PBXGroup;
			children = (
				F9CAD8F8248F814B00BBB898 /* Demo2 */,
				F9CAD8F7248F813E00BBB898 /* Demo1 */,
			);
			name = MockInSwift;
			sourceTree = "<group>";
		};
		F9CAD8F7248F813E00BBB898 /* Demo1 */ = {
			isa = PBXGroup;
			children = (
				F9CAD8F1248F7F1500BBB898 /* EventDescriptionFormatter.swift */,
				F9CAD8F5248F7FD400BBB898 /* EventDescriptionFormatterSpec.swift */,
			);
			name = Demo1;
			sourceTree = "<group>";
		};
		F9CAD8F8248F814B00BBB898 /* Demo2 */ = {
			isa = PBXGroup;
			children = (
				F9CAD8F9248F816800BBB898 /* DataProvider.swift */,
				F9CAD8FB248F82CA00BBB898 /* TextViewControllerSpec.swift */,
				F9CAD8FD248F87AB00BBB898 /* Text.storyboard */,
			);
			name = Demo2;
			sourceTree = "<group>";
		};
/* End PBXGroup section */

/* Begin PBXHeadersBuildPhase section */
		1408857A1E76916A008B9466 /* Headers */ = {
			isa = PBXHeadersBuildPhase;
			buildActionMask = 2147483647;
			files = (
				14AF06CF1E7BE6C00029DD34 /* MusicLrcParser.h in Headers */,
				146EB4EB1E8A552B00D753F0 /* MusicLrcView.h in Headers */,
				14AF06DB1E7BE6C00029DD34 /* MusicLrcLabel.h in Headers */,
				14AF06D51E7BE6C00029DD34 /* EffectView.h in Headers */,
				14AF06D81E7BE6C00029DD34 /* MusicLrcCell.h in Headers */,
				14AF06D21E7BE6C00029DD34 /* CLLrcLine.h in Headers */,
				140885811E76916D008B9466 /* MusicLRC.h in Headers */,
				14AF06CC1E7BE6C00029DD34 /* CLLrcTool.h in Headers */,
			);
			runOnlyForDeploymentPostprocessing = 0;
		};
/* End PBXHeadersBuildPhase section */

/* Begin PBXNativeTarget section */
		1408857C1E76916A008B9466 /* MusicLRC */ = {
			isa = PBXNativeTarget;
			buildConfigurationList = 140885881E76916D008B9466 /* Build configuration list for PBXNativeTarget "MusicLRC" */;
			buildPhases = (
				14AF06591E7936180029DD34 /* 更新build版本 */,
				140885781E76916A008B9466 /* Sources */,
				140885791E76916A008B9466 /* Frameworks */,
				1408857A1E76916A008B9466 /* Headers */,
				1408857B1E76916A008B9466 /* Resources */,
			);
			buildRules = (
			);
			dependencies = (
			);
			name = MusicLRC;
			productName = MusicLRC;
			productReference = 1408857D1E76916A008B9466 /* MusicLRC.framework */;
			productType = "com.apple.product-type.framework";
		};
		148879561E839E70002A3C04 /* MusicLocal */ = {
			isa = PBXNativeTarget;
			buildConfigurationList = 1488796F1E839E70002A3C04 /* Build configuration list for PBXNativeTarget "MusicLocal" */;
			buildPhases = (
				148879571E839E70002A3C04 /* Sources */,
				148879621E839E70002A3C04 /* Frameworks */,
				148879641E839E70002A3C04 /* Resources */,
				1488796C1E839E70002A3C04 /* ShellScript */,
				1488796D1E839E70002A3C04 /* Embed Frameworks */,
			);
			buildRules = (
			);
			dependencies = (
			);
			name = MusicLocal;
			productName = LrcTest;
			productReference = 148879721E839E70002A3C04 /* MusicLocal.app */;
			productType = "com.apple.product-type.application";
		};
		148BFF2E1E6FCE9300E674D3 /* MusicLrcUtil */ = {
			isa = PBXNativeTarget;
			buildConfigurationList = 148BFF511E6FCE9500E674D3 /* Build configuration list for PBXNativeTarget "MusicLrcUtil" */;
			buildPhases = (
				68BE67DFD78BCE8C726598D5 /* [CP] Check Pods Manifest.lock */,
				148BFF2B1E6FCE9300E674D3 /* Sources */,
				148BFF2C1E6FCE9300E674D3 /* Frameworks */,
				148BFF2D1E6FCE9300E674D3 /* Resources */,
				148879781E839EE0002A3C04 /* Embed Frameworks */,
				2E6E884B573F4EFA3B3A9E9C /* [CP] Embed Pods Frameworks */,
			);
			buildRules = (
			);
			dependencies = (
			);
			name = MusicLrcUtil;
			productName = LrcTest;
			productReference = 148BFF2F1E6FCE9300E674D3 /* MusicLrcUtil.app */;
			productType = "com.apple.product-type.application";
		};
		148BFF471E6FCE9500E674D3 /* LrcTestTests */ = {
			isa = PBXNativeTarget;
			buildConfigurationList = 148BFF541E6FCE9500E674D3 /* Build configuration list for PBXNativeTarget "LrcTestTests" */;
			buildPhases = (
				3DDA2F9D1C75A07727415E1E /* [CP] Check Pods Manifest.lock */,
				148BFF441E6FCE9500E674D3 /* Sources */,
				148BFF451E6FCE9500E674D3 /* Frameworks */,
				148BFF461E6FCE9500E674D3 /* Resources */,
				57F06028B6B4614C2749D971 /* [CP] Embed Pods Frameworks */,
			);
			buildRules = (
			);
			dependencies = (
				1483B7EA1E824B50009D8C42 /* PBXTargetDependency */,
			);
			name = LrcTestTests;
			productName = LrcTestTests;
			productReference = 148BFF481E6FCE9500E674D3 /* LrcTestTests.xctest */;
			productType = "com.apple.product-type.bundle.unit-test";
		};
		D2C9A7AA1E84CFE600ED0C80 /* LrcSDK */ = {
			isa = PBXNativeTarget;
			buildConfigurationList = D2C9A7BD1E84CFE600ED0C80 /* Build configuration list for PBXNativeTarget "LrcSDK" */;
			buildPhases = (
				D2C9A7AD1E84CFE600ED0C80 /* Sources */,
				D2C9A7B11E84CFE600ED0C80 /* Frameworks */,
				D2C9A7B31E84CFE600ED0C80 /* Resources */,
				D2C9A7BB1E84CFE600ED0C80 /* Embed Frameworks */,
			);
			buildRules = (
			);
			dependencies = (
				D2C9A7AB1E84CFE600ED0C80 /* PBXTargetDependency */,
			);
			name = LrcSDK;
			productName = LrcTest;
			productReference = D2C9A7C01E84CFE600ED0C80 /* LrcSDK.app */;
			productType = "com.apple.product-type.application";
		};
/* End PBXNativeTarget section */

/* Begin PBXProject section */
		148BFF271E6FCE9200E674D3 /* Project object */ = {
			isa = PBXProject;
			attributes = {
				LastUpgradeCheck = 0820;
				ORGANIZATIONNAME = PBBReader;
				TargetAttributes = {
					1408857C1E76916A008B9466 = {
						CreatedOnToolsVersion = 8.2.1;
						DevelopmentTeam = FA78T6VRG8;
						LastSwiftMigration = 0820;
						ProvisioningStyle = Automatic;
					};
					148879561E839E70002A3C04 = {
						DevelopmentTeam = FA78T6VRG8;
					};
					148BFF2E1E6FCE9300E674D3 = {
						CreatedOnToolsVersion = 8.2.1;
						DevelopmentTeam = FA78T6VRG8;
						LastSwiftMigration = 0820;
						ProvisioningStyle = Automatic;
						SystemCapabilities = {
							com.apple.BackgroundModes = {
								enabled = 0;
							};
						};
					};
					148BFF471E6FCE9500E674D3 = {
						CreatedOnToolsVersion = 8.2.1;
						DevelopmentTeam = FA78T6VRG8;
						LastSwiftMigration = 0820;
						ProvisioningStyle = Automatic;
						TestTargetID = 148BFF2E1E6FCE9300E674D3;
					};
					14AF06661E7A4B920029DD34 = {
						CreatedOnToolsVersion = 8.2.1;
						DevelopmentTeam = FA78T6VRG8;
						ProvisioningStyle = Automatic;
					};
					14EF59F31E78DDD9005ED979 = {
						CreatedOnToolsVersion = 8.2.1;
						DevelopmentTeam = FA78T6VRG8;
						ProvisioningStyle = Automatic;
					};
					D2C9A7AA1E84CFE600ED0C80 = {
						DevelopmentTeam = FA78T6VRG8;
					};
				};
			};
			buildConfigurationList = 148BFF2A1E6FCE9200E674D3 /* Build configuration list for PBXProject "MusicLrcUtil" */;
			compatibilityVersion = "Xcode 3.2";
			developmentRegion = English;
			hasScannedForEncodings = 0;
			knownRegions = (
				English,
				en,
				Base,
			);
			mainGroup = 148BFF261E6FCE9200E674D3;
			productRefGroup = 148BFF301E6FCE9300E674D3 /* Products */;
			projectDirPath = "";
			projectRoot = "";
			targets = (
				148BFF2E1E6FCE9300E674D3 /* MusicLrcUtil */,
				148BFF471E6FCE9500E674D3 /* LrcTestTests */,
				1408857C1E76916A008B9466 /* MusicLRC */,
				14EF59F31E78DDD9005ED979 /* CommonDylib */,
				14AF06661E7A4B920029DD34 /* PushPodSpec */,
				148879561E839E70002A3C04 /* MusicLocal */,
				D2C9A7AA1E84CFE600ED0C80 /* LrcSDK */,
			);
		};
/* End PBXProject section */

/* Begin PBXResourcesBuildPhase section */
		1408857B1E76916A008B9466 /* Resources */ = {
			isa = PBXResourcesBuildPhase;
			buildActionMask = 2147483647;
			files = (
				1483B7CB1E812190009D8C42 /* Assets.xcassets in Resources */,
				1483B7C71E811370009D8C42 /* Main.storyboard in Resources */,
			);
			runOnlyForDeploymentPostprocessing = 0;
		};
		148879641E839E70002A3C04 /* Resources */ = {
			isa = PBXResourcesBuildPhase;
			buildActionMask = 2147483647;
			files = (
				148879651E839E70002A3C04 /* Main.storyboard in Resources */,
				148879661E839E70002A3C04 /* 荷塘月色.lrc in Resources */,
				148879671E839E70002A3C04 /* LaunchScreen.storyboard in Resources */,
				148879681E839E70002A3C04 /* qbd.lrc in Resources */,
				148879691E839E70002A3C04 /* 01爱与痛的边缘.lrc in Resources */,
				1488796A1E839E70002A3C04 /* Assets.xcassets in Resources */,
				1488796B1E839E70002A3C04 /* qbd.mp3 in Resources */,
			);
			runOnlyForDeploymentPostprocessing = 0;
		};
		148BFF2D1E6FCE9300E674D3 /* Resources */ = {
			isa = PBXResourcesBuildPhase;
			buildActionMask = 2147483647;
			files = (
				148878EE1E827A7F002A3C04 /* Main.storyboard in Resources */,
				140886731E77C048008B9466 /* 荷塘月色.lrc in Resources */,
				D272E2C81E9BAFD400CB887B /* Podfile in Resources */,
				148BFF421E6FCE9400E674D3 /* LaunchScreen.storyboard in Resources */,
				148BFF5D1E6FE54100E674D3 /* qbd.lrc in Resources */,
				14AF068D1E7B83BD0029DD34 /* 01爱与痛的边缘.lrc in Resources */,
				F9CAD8FF248F887300BBB898 /* Text.storyboard in Resources */,
				148BFF3F1E6FCE9400E674D3 /* Assets.xcassets in Resources */,
				148BFF5E1E6FE54100E674D3 /* qbd.mp3 in Resources */,
			);
			runOnlyForDeploymentPostprocessing = 0;
		};
		148BFF461E6FCE9500E674D3 /* Resources */ = {
			isa = PBXResourcesBuildPhase;
			buildActionMask = 2147483647;
			files = (
				F9CAD900248F892F00BBB898 /* Text.storyboard in Resources */,
				14AF068F1E7BDA720029DD34 /* 01爱与痛的边缘.lrc in Resources */,
				14AF06901E7BDA770029DD34 /* qbd.lrc in Resources */,
			);
			runOnlyForDeploymentPostprocessing = 0;
		};
		D2C9A7B31E84CFE600ED0C80 /* Resources */ = {
			isa = PBXResourcesBuildPhase;
			buildActionMask = 2147483647;
			files = (
				D2C9A7B41E84CFE600ED0C80 /* Main.storyboard in Resources */,
				D2C9A7B51E84CFE600ED0C80 /* 荷塘月色.lrc in Resources */,
				D2C9A7B61E84CFE600ED0C80 /* LaunchScreen.storyboard in Resources */,
				D2C9A7B71E84CFE600ED0C80 /* qbd.lrc in Resources */,
				D2C9A7B81E84CFE600ED0C80 /* 01爱与痛的边缘.lrc in Resources */,
				D2C9A7B91E84CFE600ED0C80 /* Assets.xcassets in Resources */,
				D2C9A7BA1E84CFE600ED0C80 /* qbd.mp3 in Resources */,
			);
			runOnlyForDeploymentPostprocessing = 0;
		};
/* End PBXResourcesBuildPhase section */

/* Begin PBXShellScriptBuildPhase section */
		1488796C1E839E70002A3C04 /* ShellScript */ = {
			isa = PBXShellScriptBuildPhase;
			buildActionMask = 2147483647;
			files = (
			);
			inputPaths = (
			);
			outputPaths = (
			);
			runOnlyForDeploymentPostprocessing = 0;
			shellPath = /bin/sh;
			shellScript = "pwd\n#sh Products/CommonDylib.sh";
		};
		14AF06591E7936180029DD34 /* 更新build版本 */ = {
			isa = PBXShellScriptBuildPhase;
			buildActionMask = 2147483647;
			files = (
			);
			inputPaths = (
			);
			name = "更新build版本";
			outputPaths = (
			);
			runOnlyForDeploymentPostprocessing = 0;
			shellPath = /bin/sh;
			shellScript = "pwd\n#sh Products/buildNumber.sh\n";
		};
		14AF066A1E7A4B9D0029DD34 /* ShellScript */ = {
			isa = PBXShellScriptBuildPhase;
			buildActionMask = 2147483647;
			files = (
			);
			inputPaths = (
			);
			outputPaths = (
			);
			runOnlyForDeploymentPostprocessing = 0;
			shellPath = /bin/sh;
			shellScript = "pwd\nsh Products/pushPodSpec.sh";
		};
		14EF59F71E78DDE2005ED979 /* ShellScript */ = {
			isa = PBXShellScriptBuildPhase;
			buildActionMask = 2147483647;
			files = (
			);
			inputPaths = (
			);
			outputPaths = (
			);
			runOnlyForDeploymentPostprocessing = 0;
			shellPath = /bin/sh;
			shellScript = "pwd\nsh Products/CommonDylib.sh";
		};
		2E6E884B573F4EFA3B3A9E9C /* [CP] Embed Pods Frameworks */ = {
			isa = PBXShellScriptBuildPhase;
			buildActionMask = 2147483647;
			files = (
			);
			inputPaths = (
				"${PODS_ROOT}/Target Support Files/Pods-MusicLrcUtil/Pods-MusicLrcUtil-frameworks.sh",
				"${BUILT_PRODUCTS_DIR}/LogSwift-iOS/LogSwift.framework",
				"${BUILT_PRODUCTS_DIR}/MusicLrc/MusicLrc.framework",
				"${BUILT_PRODUCTS_DIR}/RNCryptor-iOS/RNCryptor.framework",
				"${BUILT_PRODUCTS_DIR}/SnapKit-iOS/SnapKit.framework",
			);
			name = "[CP] Embed Pods Frameworks";
			outputPaths = (
				"${TARGET_BUILD_DIR}/${FRAMEWORKS_FOLDER_PATH}/LogSwift.framework",
				"${TARGET_BUILD_DIR}/${FRAMEWORKS_FOLDER_PATH}/MusicLrc.framework",
				"${TARGET_BUILD_DIR}/${FRAMEWORKS_FOLDER_PATH}/RNCryptor.framework",
				"${TARGET_BUILD_DIR}/${FRAMEWORKS_FOLDER_PATH}/SnapKit.framework",
			);
			runOnlyForDeploymentPostprocessing = 0;
			shellPath = /bin/sh;
			shellScript = "\"${PODS_ROOT}/Target Support Files/Pods-MusicLrcUtil/Pods-MusicLrcUtil-frameworks.sh\"\n";
			showEnvVarsInLog = 0;
		};
		3DDA2F9D1C75A07727415E1E /* [CP] Check Pods Manifest.lock */ = {
			isa = PBXShellScriptBuildPhase;
			buildActionMask = 2147483647;
			files = (
			);
			inputPaths = (
				"${PODS_PODFILE_DIR_PATH}/Podfile.lock",
				"${PODS_ROOT}/Manifest.lock",
			);
			name = "[CP] Check Pods Manifest.lock";
			outputPaths = (
				"$(DERIVED_FILE_DIR)/Pods-LrcTestTests-checkManifestLockResult.txt",
			);
			runOnlyForDeploymentPostprocessing = 0;
			shellPath = /bin/sh;
			shellScript = "diff \"${PODS_PODFILE_DIR_PATH}/Podfile.lock\" \"${PODS_ROOT}/Manifest.lock\" > /dev/null\nif [ $? != 0 ] ; then\n    # print error to STDERR\n    echo \"error: The sandbox is not in sync with the Podfile.lock. Run 'pod install' or update your CocoaPods installation.\" >&2\n    exit 1\nfi\n# This output is used by Xcode 'outputs' to avoid re-running this script phase.\necho \"SUCCESS\" > \"${SCRIPT_OUTPUT_FILE_0}\"\n";
			showEnvVarsInLog = 0;
		};
		57F06028B6B4614C2749D971 /* [CP] Embed Pods Frameworks */ = {
			isa = PBXShellScriptBuildPhase;
			buildActionMask = 2147483647;
			files = (
			);
			inputPaths = (
				"${PODS_ROOT}/Target Support Files/Pods-LrcTestTests/Pods-LrcTestTests-frameworks.sh",
				"${BUILT_PRODUCTS_DIR}/Nimble/Nimble.framework",
				"${BUILT_PRODUCTS_DIR}/Quick/Quick.framework",
			);
			name = "[CP] Embed Pods Frameworks";
			outputPaths = (
				"${TARGET_BUILD_DIR}/${FRAMEWORKS_FOLDER_PATH}/Nimble.framework",
				"${TARGET_BUILD_DIR}/${FRAMEWORKS_FOLDER_PATH}/Quick.framework",
			);
			runOnlyForDeploymentPostprocessing = 0;
			shellPath = /bin/sh;
			shellScript = "\"${PODS_ROOT}/Target Support Files/Pods-LrcTestTests/Pods-LrcTestTests-frameworks.sh\"\n";
			showEnvVarsInLog = 0;
		};
		68BE67DFD78BCE8C726598D5 /* [CP] Check Pods Manifest.lock */ = {
			isa = PBXShellScriptBuildPhase;
			buildActionMask = 2147483647;
			files = (
			);
			inputPaths = (
				"${PODS_PODFILE_DIR_PATH}/Podfile.lock",
				"${PODS_ROOT}/Manifest.lock",
			);
			name = "[CP] Check Pods Manifest.lock";
			outputPaths = (
				"$(DERIVED_FILE_DIR)/Pods-MusicLrcUtil-checkManifestLockResult.txt",
			);
			runOnlyForDeploymentPostprocessing = 0;
			shellPath = /bin/sh;
			shellScript = "diff \"${PODS_PODFILE_DIR_PATH}/Podfile.lock\" \"${PODS_ROOT}/Manifest.lock\" > /dev/null\nif [ $? != 0 ] ; then\n    # print error to STDERR\n    echo \"error: The sandbox is not in sync with the Podfile.lock. Run 'pod install' or update your CocoaPods installation.\" >&2\n    exit 1\nfi\n# This output is used by Xcode 'outputs' to avoid re-running this script phase.\necho \"SUCCESS\" > \"${SCRIPT_OUTPUT_FILE_0}\"\n";
			showEnvVarsInLog = 0;
		};
/* End PBXShellScriptBuildPhase section */

/* Begin PBXSourcesBuildPhase section */
		140885781E76916A008B9466 /* Sources */ = {
			isa = PBXSourcesBuildPhase;
			buildActionMask = 2147483647;
			files = (
				146EB4EC1E8A552F00D753F0 /* MusicLrcView.m in Sources */,
				14AF06DA1E7BE6C00029DD34 /* MusicLrcCell.m in Sources */,
				14AF06D11E7BE6C00029DD34 /* MusicLrcParser.m in Sources */,
				14AF06CE1E7BE6C00029DD34 /* CLLrcTool.m in Sources */,
				84EB66961E8AA87400EA892A /* MusicAPI.swift in Sources */,
				1483B7CA1E8119CA009D8C42 /* ClockTableViewCell.swift in Sources */,
				1483B7D91E822A9E009D8C42 /* ConvertToDictionary.swift in Sources */,
				146EB4D31E8A476900D753F0 /* MusicLrcModel.swift in Sources */,
				1483B7DB1E822A9E009D8C42 /* HttpClientManager.swift in Sources */,
				14AF06D41E7BE6C00029DD34 /* CLLrcLine.m in Sources */,
				1483B7BA1E80FFCE009D8C42 /* TransitioningDelegate.swift in Sources */,
				D221DBA31E852BB800444AE3 /* ClockListView.swift in Sources */,
				1483B7BD1E81024E009D8C42 /* ClockTableViewController.swift in Sources */,
				14AF06DD1E7BE6C00029DD34 /* MusicLrcLabel.m in Sources */,
				1483B7DE1E822AE5009D8C42 /* VerifyAppVersionModel.swift in Sources */,
				14AF06D71E7BE6C00029DD34 /* EffectView.m in Sources */,
			);
			runOnlyForDeploymentPostprocessing = 0;
		};
		148879571E839E70002A3C04 /* Sources */ = {
			isa = PBXSourcesBuildPhase;
			buildActionMask = 2147483647;
			files = (
				148879581E839E70002A3C04 /* MusicLrcView.m in Sources */,
				148879591E839E70002A3C04 /* CLLrcTool.m in Sources */,
				1488795A1E839E70002A3C04 /* LrcViewController.m in Sources */,
				1488795B1E839E70002A3C04 /* CLLrcLine.m in Sources */,
				1488795C1E839E70002A3C04 /* MusicLrcCell.m in Sources */,
				1488795D1E839E70002A3C04 /* MusicLrcLabel.m in Sources */,
				1488795E1E839E70002A3C04 /* MusicLrcParser.m in Sources */,
				1488795F1E839E70002A3C04 /* AppDelegate.m in Sources */,
				148879601E839E70002A3C04 /* EffectView.m in Sources */,
				148879611E839E70002A3C04 /* main.m in Sources */,
			);
			runOnlyForDeploymentPostprocessing = 0;
		};
		148BFF2B1E6FCE9300E674D3 /* Sources */ = {
			isa = PBXSourcesBuildPhase;
			buildActionMask = 2147483647;
			files = (
				D221DBA91E88F36400444AE3 /* MusicLrcModel.swift in Sources */,
				D2C9A7C21E84D02A00ED0C80 /* ConvertToDictionary.swift in Sources */,
				D2C9A7C31E84D02A00ED0C80 /* HttpClientManager.swift in Sources */,
				D2C9A7D11E84D0F600ED0C80 /* CLLrcLine.m in Sources */,
				84FE2B461E87A3FF003CE93F /* LayerTableView.swift in Sources */,
				D221DBA21E852BB600444AE3 /* ClockListView.swift in Sources */,
				D2C9A7C41E84D02A00ED0C80 /* VerifyAppVersionModel.swift in Sources */,
				D2C9A7D31E84D10000ED0C80 /* MusicLrcParser.m in Sources */,
				144B8E111E9783FF009969E8 /* VerifyAppTool.m in Sources */,
				D2C9A7D21E84D0FC00ED0C80 /* CLLrcTool.m in Sources */,
				D2C9A7C61E84D02A00ED0C80 /* EffectView.m in Sources */,
				D2C9A7C81E84D02A00ED0C80 /* MusicLrcCell.m in Sources */,
				D2C9A7CA1E84D02A00ED0C80 /* MusicLrcLabel.m in Sources */,
				D2C9A7D61E84EA2E00ED0C80 /* ClockViewController.swift in Sources */,
				D2C9A7CC1E84D02A00ED0C80 /* MusicLrcView.m in Sources */,
				D2E45CD51E84F50300674BA9 /* ClockTableViewCell.swift in Sources */,
				D2C9A7CE1E84D02A00ED0C80 /* TransitioningDelegate.swift in Sources */,
				D2C9A7CF1E84D02A00ED0C80 /* ClockTableViewController.swift in Sources */,
				84EB66951E8AA87400EA892A /* MusicAPI.swift in Sources */,
				148BFF3A1E6FCE9300E674D3 /* LrcViewController.m in Sources */,
				148BFF371E6FCE9300E674D3 /* AppDelegate.m in Sources */,
				148BFF341E6FCE9300E674D3 /* main.m in Sources */,
			);
			runOnlyForDeploymentPostprocessing = 0;
		};
		148BFF441E6FCE9500E674D3 /* Sources */ = {
			isa = PBXSourcesBuildPhase;
			buildActionMask = 2147483647;
			files = (
				D2CAAAD71EA9A0BC00785B37 /* BananaTests.swift in Sources */,
				D2378DB51E8DF82E00F859D7 /* EffectView.m in Sources */,
				D2378DB31E8DEFAF00F859D7 /* MusicLrcModel.swift in Sources */,
				84F0D6701EACBD080011D0DE /* DolphinSpec.swift in Sources */,
				D2CAAAD51EA99F6F00785B37 /* Offer.swift in Sources */,
				84F0D66E1EACBBDD0011D0DE /* Dolphin.swift in Sources */,
				F9CAD8FC248F82CA00BBB898 /* TextViewControllerSpec.swift in Sources */,
				1483B7E41E82390F009D8C42 /* swiftTest.swift in Sources */,
				84F0D65E1EAC94470011D0DE /* BananaHelpers.swift in Sources */,
				84F0D66A1EAC9D550011D0DE /* SilliestMonkeyTest.swift in Sources */,
				D2CAAAD01EA99D2600785B37 /* testswift.swift in Sources */,
				F9CAD8FA248F816800BBB898 /* DataProvider.swift in Sources */,
				D2378DB71E8DF83400F859D7 /* MusicLrcLabel.m in Sources */,
				D221DBA61E88CC4000444AE3 /* HttpClientManager.swift in Sources */,
				144B8E181E978531009969E8 /* VerifyAppTool.m in Sources */,
				84F0D6721EACE70D0011D0DE /* BananaViewController.swift in Sources */,
				D2CAAAD31EA99DB300785B37 /* Banana.swift in Sources */,
				1483B7EC1E824BC9009D8C42 /* CLLrcTool.m in Sources */,
				D221DBA71E88CC4200444AE3 /* ConvertToDictionary.swift in Sources */,
				F9CAD8F6248F7FD400BBB898 /* EventDescriptionFormatterSpec.swift in Sources */,
				84F0D6601EAC94A00011D0DE /* Monkey.swift in Sources */,
				84F0D6681EAC9D040011D0DE /* SilliestMonkey.swift in Sources */,
				D2378DB81E8DF89400F859D7 /* MusicLrcParser.m in Sources */,
				D2378DB41E8DF79400F859D7 /* MusicLrcView.m in Sources */,
				84F0D6741EACE8E80011D0DE /* BananaViewControllerSpec.swift in Sources */,
				D221DBA51E88CC3C00444AE3 /* VerifyAppVersionModel.swift in Sources */,
				D221DBA41E88C09900444AE3 /* CLLrcLine.m in Sources */,
				F9CAD8F2248F7F1500BBB898 /* EventDescriptionFormatter.swift in Sources */,
				D2378DB61E8DF83200F859D7 /* MusicLrcCell.m in Sources */,
			);
			runOnlyForDeploymentPostprocessing = 0;
		};
		D2C9A7AD1E84CFE600ED0C80 /* Sources */ = {
			isa = PBXSourcesBuildPhase;
			buildActionMask = 2147483647;
			files = (
				D2C9A7AE1E84CFE600ED0C80 /* LrcViewController.m in Sources */,
				D2C9A7AF1E84CFE600ED0C80 /* AppDelegate.m in Sources */,
				D2C9A7B01E84CFE600ED0C80 /* main.m in Sources */,
			);
			runOnlyForDeploymentPostprocessing = 0;
		};
/* End PBXSourcesBuildPhase section */

/* Begin PBXTargetDependency section */
		1483B7EA1E824B50009D8C42 /* PBXTargetDependency */ = {
			isa = PBXTargetDependency;
			target = 148BFF2E1E6FCE9300E674D3 /* MusicLrcUtil */;
			targetProxy = 1483B7E91E824B50009D8C42 /* PBXContainerItemProxy */;
		};
		14EF59FA1E78DE65005ED979 /* PBXTargetDependency */ = {
			isa = PBXTargetDependency;
			target = 1408857C1E76916A008B9466 /* MusicLRC */;
			targetProxy = 14EF59F91E78DE65005ED979 /* PBXContainerItemProxy */;
		};
		D2C9A7AB1E84CFE600ED0C80 /* PBXTargetDependency */ = {
			isa = PBXTargetDependency;
			target = 1408857C1E76916A008B9466 /* MusicLRC */;
			targetProxy = D2C9A7AC1E84CFE600ED0C80 /* PBXContainerItemProxy */;
		};
/* End PBXTargetDependency section */

/* Begin PBXVariantGroup section */
		148BFF3B1E6FCE9400E674D3 /* Main.storyboard */ = {
			isa = PBXVariantGroup;
			children = (
				148BFF3C1E6FCE9400E674D3 /* Base */,
			);
			name = Main.storyboard;
			sourceTree = "<group>";
		};
		148BFF401E6FCE9400E674D3 /* LaunchScreen.storyboard */ = {
			isa = PBXVariantGroup;
			children = (
				148BFF411E6FCE9400E674D3 /* Base */,
			);
			name = LaunchScreen.storyboard;
			sourceTree = "<group>";
		};
/* End PBXVariantGroup section */

/* Begin XCBuildConfiguration section */
		140885861E76916D008B9466 /* Debug */ = {
			isa = XCBuildConfiguration;
			buildSettings = {
				ALWAYS_EMBED_SWIFT_STANDARD_LIBRARIES = NO;
				CLANG_ENABLE_MODULES = YES;
				CODE_SIGN_IDENTITY = "";
				CURRENT_PROJECT_VERSION = 1;
				DEFINES_MODULE = YES;
				DEVELOPMENT_TEAM = FA78T6VRG8;
				DYLIB_COMPATIBILITY_VERSION = 1;
				DYLIB_CURRENT_VERSION = 1;
				DYLIB_INSTALL_NAME_BASE = "@rpath";
				ENABLE_ON_DEMAND_RESOURCES = NO;
				GCC_PREPROCESSOR_DEFINITIONS = (
					"DEBUG=1",
					"$(inherited)",
					"MusicLRC=1",
				);
				INFOPLIST_FILE = MusicLRC/Info.plist;
				INSTALL_PATH = "$(LOCAL_LIBRARY_DIR)/Frameworks";
				IPHONEOS_DEPLOYMENT_TARGET = 13.2;
				LD_RUNPATH_SEARCH_PATHS = "$(inherited)";
				OTHER_SWIFT_FLAGS = "";
				PRODUCT_BUNDLE_IDENTIFIER = pyc.com.cn.MusicLRC;
				PRODUCT_NAME = "$(TARGET_NAME)";
				SKIP_INSTALL = YES;
				SWIFT_OBJC_BRIDGING_HEADER = "";
				SWIFT_OPTIMIZATION_LEVEL = "-Onone";
				SWIFT_VERSION = 5.0;
				VERSIONING_SYSTEM = "apple-generic";
				VERSION_INFO_PREFIX = "";
			};
			name = Debug;
		};
		140885871E76916D008B9466 /* Release */ = {
			isa = XCBuildConfiguration;
			buildSettings = {
				ALWAYS_EMBED_SWIFT_STANDARD_LIBRARIES = NO;
				CLANG_ENABLE_MODULES = YES;
				CODE_SIGN_IDENTITY = "";
				CURRENT_PROJECT_VERSION = 1;
				DEFINES_MODULE = YES;
				DEVELOPMENT_TEAM = FA78T6VRG8;
				DYLIB_COMPATIBILITY_VERSION = 1;
				DYLIB_CURRENT_VERSION = 1;
				DYLIB_INSTALL_NAME_BASE = "@rpath";
				ENABLE_ON_DEMAND_RESOURCES = NO;
				GCC_PREPROCESSOR_DEFINITIONS = "MusicLRC=1";
				INFOPLIST_FILE = MusicLRC/Info.plist;
				INSTALL_PATH = "$(LOCAL_LIBRARY_DIR)/Frameworks";
				IPHONEOS_DEPLOYMENT_TARGET = 13.2;
				LD_RUNPATH_SEARCH_PATHS = "$(inherited)";
				OTHER_SWIFT_FLAGS = "";
				PRODUCT_BUNDLE_IDENTIFIER = pyc.com.cn.MusicLRC;
				PRODUCT_NAME = "$(TARGET_NAME)";
				SKIP_INSTALL = YES;
				SWIFT_OBJC_BRIDGING_HEADER = "";
				SWIFT_VERSION = 5.0;
				VERSIONING_SYSTEM = "apple-generic";
				VERSION_INFO_PREFIX = "";
			};
			name = Release;
		};
		148879701E839E70002A3C04 /* Debug */ = {
			isa = XCBuildConfiguration;
			buildSettings = {
				ASSETCATALOG_COMPILER_APPICON_NAME = AppIcon;
				CLANG_ENABLE_MODULES = YES;
				DEVELOPMENT_TEAM = FA78T6VRG8;
				FRAMEWORK_SEARCH_PATHS = (
					"$(inherited)",
					"$(PROJECT_DIR)/Products",
				);
				INFOPLIST_FILE = "LrcTest copy-Info.plist";
				IPHONEOS_DEPLOYMENT_TARGET = 9.0;
				LD_RUNPATH_SEARCH_PATHS = "$(inherited) @executable_path/Frameworks";
				PRODUCT_BUNDLE_IDENTIFIER = pyc.com.cn.LrcTest;
				PRODUCT_NAME = "$(TARGET_NAME)";
				SWIFT_OBJC_BRIDGING_HEADER = "LrcTest/LrcTest-Bridging-Header.h";
				SWIFT_OPTIMIZATION_LEVEL = "-Onone";
				SWIFT_VERSION = 3.0;
			};
			name = Debug;
		};
		148879711E839E70002A3C04 /* Release */ = {
			isa = XCBuildConfiguration;
			buildSettings = {
				ASSETCATALOG_COMPILER_APPICON_NAME = AppIcon;
				CLANG_ENABLE_MODULES = YES;
				DEVELOPMENT_TEAM = FA78T6VRG8;
				FRAMEWORK_SEARCH_PATHS = (
					"$(inherited)",
					"$(PROJECT_DIR)/Products",
				);
				INFOPLIST_FILE = "LrcTest copy-Info.plist";
				IPHONEOS_DEPLOYMENT_TARGET = 9.0;
				LD_RUNPATH_SEARCH_PATHS = "$(inherited) @executable_path/Frameworks";
				PRODUCT_BUNDLE_IDENTIFIER = pyc.com.cn.LrcTest;
				PRODUCT_NAME = "$(TARGET_NAME)";
				SWIFT_OBJC_BRIDGING_HEADER = "LrcTest/LrcTest-Bridging-Header.h";
				SWIFT_VERSION = 3.0;
			};
			name = Release;
		};
		148BFF4F1E6FCE9500E674D3 /* Debug */ = {
			isa = XCBuildConfiguration;
			buildSettings = {
				ALWAYS_SEARCH_USER_PATHS = NO;
				CLANG_ANALYZER_NONNULL = YES;
				CLANG_CXX_LANGUAGE_STANDARD = "gnu++0x";
				CLANG_CXX_LIBRARY = "libc++";
				CLANG_ENABLE_MODULES = YES;
				CLANG_ENABLE_OBJC_ARC = YES;
				CLANG_WARN_BOOL_CONVERSION = YES;
				CLANG_WARN_CONSTANT_CONVERSION = YES;
				CLANG_WARN_DIRECT_OBJC_ISA_USAGE = YES_ERROR;
				CLANG_WARN_DOCUMENTATION_COMMENTS = YES;
				CLANG_WARN_EMPTY_BODY = YES;
				CLANG_WARN_ENUM_CONVERSION = YES;
				CLANG_WARN_INFINITE_RECURSION = YES;
				CLANG_WARN_INT_CONVERSION = YES;
				CLANG_WARN_OBJC_ROOT_CLASS = YES_ERROR;
				CLANG_WARN_SUSPICIOUS_MOVE = YES;
				CLANG_WARN_UNREACHABLE_CODE = YES;
				CLANG_WARN__DUPLICATE_METHOD_MATCH = YES;
				"CODE_SIGN_IDENTITY[sdk=iphoneos*]" = "iPhone Developer";
				COPY_PHASE_STRIP = NO;
				DEBUG_INFORMATION_FORMAT = dwarf;
				DEFINES_MODULE = YES;
				ENABLE_STRICT_OBJC_MSGSEND = YES;
				ENABLE_TESTABILITY = YES;
				GCC_C_LANGUAGE_STANDARD = gnu99;
				GCC_DYNAMIC_NO_PIC = NO;
				GCC_NO_COMMON_BLOCKS = YES;
				GCC_OPTIMIZATION_LEVEL = 0;
				GCC_PREPROCESSOR_DEFINITIONS = (
					"DEBUG=1",
					"$(inherited)",
				);
				GCC_WARN_64_TO_32_BIT_CONVERSION = YES;
				GCC_WARN_ABOUT_RETURN_TYPE = YES_ERROR;
				GCC_WARN_UNDECLARED_SELECTOR = YES;
				GCC_WARN_UNINITIALIZED_AUTOS = YES_AGGRESSIVE;
				GCC_WARN_UNUSED_FUNCTION = YES;
				GCC_WARN_UNUSED_VARIABLE = YES;
				IPHONEOS_DEPLOYMENT_TARGET = 10.2;
				MTL_ENABLE_DEBUG_INFO = YES;
				ONLY_ACTIVE_ARCH = YES;
				SDKROOT = iphoneos;
				TARGETED_DEVICE_FAMILY = "1,2";
			};
			name = Debug;
		};
		148BFF501E6FCE9500E674D3 /* Release */ = {
			isa = XCBuildConfiguration;
			buildSettings = {
				ALWAYS_SEARCH_USER_PATHS = NO;
				CLANG_ANALYZER_NONNULL = YES;
				CLANG_CXX_LANGUAGE_STANDARD = "gnu++0x";
				CLANG_CXX_LIBRARY = "libc++";
				CLANG_ENABLE_MODULES = YES;
				CLANG_ENABLE_OBJC_ARC = YES;
				CLANG_WARN_BOOL_CONVERSION = YES;
				CLANG_WARN_CONSTANT_CONVERSION = YES;
				CLANG_WARN_DIRECT_OBJC_ISA_USAGE = YES_ERROR;
				CLANG_WARN_DOCUMENTATION_COMMENTS = YES;
				CLANG_WARN_EMPTY_BODY = YES;
				CLANG_WARN_ENUM_CONVERSION = YES;
				CLANG_WARN_INFINITE_RECURSION = YES;
				CLANG_WARN_INT_CONVERSION = YES;
				CLANG_WARN_OBJC_ROOT_CLASS = YES_ERROR;
				CLANG_WARN_SUSPICIOUS_MOVE = YES;
				CLANG_WARN_UNREACHABLE_CODE = YES;
				CLANG_WARN__DUPLICATE_METHOD_MATCH = YES;
				"CODE_SIGN_IDENTITY[sdk=iphoneos*]" = "iPhone Developer";
				COPY_PHASE_STRIP = NO;
				DEBUG_INFORMATION_FORMAT = "dwarf-with-dsym";
				DEFINES_MODULE = YES;
				ENABLE_NS_ASSERTIONS = NO;
				ENABLE_STRICT_OBJC_MSGSEND = YES;
				GCC_C_LANGUAGE_STANDARD = gnu99;
				GCC_NO_COMMON_BLOCKS = YES;
				GCC_WARN_64_TO_32_BIT_CONVERSION = YES;
				GCC_WARN_ABOUT_RETURN_TYPE = YES_ERROR;
				GCC_WARN_UNDECLARED_SELECTOR = YES;
				GCC_WARN_UNINITIALIZED_AUTOS = YES_AGGRESSIVE;
				GCC_WARN_UNUSED_FUNCTION = YES;
				GCC_WARN_UNUSED_VARIABLE = YES;
				IPHONEOS_DEPLOYMENT_TARGET = 10.2;
				MTL_ENABLE_DEBUG_INFO = NO;
				SDKROOT = iphoneos;
				TARGETED_DEVICE_FAMILY = "1,2";
				VALIDATE_PRODUCT = YES;
			};
			name = Release;
		};
		148BFF521E6FCE9500E674D3 /* Debug */ = {
			isa = XCBuildConfiguration;
			baseConfigurationReference = 1EA3F3A3D2BE7E837931CBA1 /* Pods-MusicLrcUtil.debug.xcconfig */;
			buildSettings = {
				ALWAYS_EMBED_SWIFT_STANDARD_LIBRARIES = YES;
				ASSETCATALOG_COMPILER_APPICON_NAME = AppIcon;
				CLANG_ENABLE_MODULES = YES;
				DEVELOPMENT_TEAM = FA78T6VRG8;
				FRAMEWORK_SEARCH_PATHS = (
					"$(inherited)",
					"$(PROJECT_DIR)/Products",
				);
				GCC_PREPROCESSOR_DEFINITIONS = (
					"DEBUG=1",
					"$(inherited)",
					"LrcTest=1",
				);
				INFOPLIST_FILE = LrcTest/Info.plist;
				IPHONEOS_DEPLOYMENT_TARGET = 13.2;
				LD_RUNPATH_SEARCH_PATHS = "$(inherited) @executable_path/Frameworks";
				PRODUCT_BUNDLE_IDENTIFIER = pyc.com.cn.LrcTest;
				PRODUCT_NAME = "$(TARGET_NAME)";
				SWIFT_OBJC_BRIDGING_HEADER = "LrcTest/LrcTest-Bridging-Header.h";
				SWIFT_OPTIMIZATION_LEVEL = "-Onone";
				SWIFT_VERSION = 5.0;
			};
			name = Debug;
		};
		148BFF531E6FCE9500E674D3 /* Release */ = {
			isa = XCBuildConfiguration;
			baseConfigurationReference = 83B25AF64C616AE5285C556F /* Pods-MusicLrcUtil.release.xcconfig */;
			buildSettings = {
				ALWAYS_EMBED_SWIFT_STANDARD_LIBRARIES = YES;
				ASSETCATALOG_COMPILER_APPICON_NAME = AppIcon;
				CLANG_ENABLE_MODULES = YES;
				DEVELOPMENT_TEAM = FA78T6VRG8;
				FRAMEWORK_SEARCH_PATHS = (
					"$(inherited)",
					"$(PROJECT_DIR)/Products",
				);
				GCC_PREPROCESSOR_DEFINITIONS = "LrcTest=1";
				INFOPLIST_FILE = LrcTest/Info.plist;
				IPHONEOS_DEPLOYMENT_TARGET = 13.2;
				LD_RUNPATH_SEARCH_PATHS = "$(inherited) @executable_path/Frameworks";
				PRODUCT_BUNDLE_IDENTIFIER = pyc.com.cn.LrcTest;
				PRODUCT_NAME = "$(TARGET_NAME)";
				SWIFT_OBJC_BRIDGING_HEADER = "LrcTest/LrcTest-Bridging-Header.h";
				SWIFT_VERSION = 5.0;
			};
			name = Release;
		};
		148BFF551E6FCE9500E674D3 /* Debug */ = {
			isa = XCBuildConfiguration;
			baseConfigurationReference = A165D5D8E5420C58BC44AE73 /* Pods-LrcTestTests.debug.xcconfig */;
			buildSettings = {
				ALWAYS_EMBED_SWIFT_STANDARD_LIBRARIES = YES;
				BUNDLE_LOADER = "$(TEST_HOST)";
				CLANG_ENABLE_MODULES = YES;
				DEVELOPMENT_TEAM = FA78T6VRG8;
				INFOPLIST_FILE = LrcTestTests/Info.plist;
				IPHONEOS_DEPLOYMENT_TARGET = 13.2;
				LD_RUNPATH_SEARCH_PATHS = "$(inherited) @executable_path/Frameworks @loader_path/Frameworks";
				PRODUCT_BUNDLE_IDENTIFIER = pyc.com.cn.LrcTestTests;
				PRODUCT_NAME = "$(TARGET_NAME)";
				SWIFT_OBJC_BRIDGING_HEADER = "LrcTestTests/LrcTestTests-Bridging-Header.h";
				SWIFT_OPTIMIZATION_LEVEL = "-Onone";
				SWIFT_VERSION = 5.0;
				TEST_HOST = "$(BUILT_PRODUCTS_DIR)/MusicLrcUtil.app/MusicLrcUtil";
			};
			name = Debug;
		};
		148BFF561E6FCE9500E674D3 /* Release */ = {
			isa = XCBuildConfiguration;
			baseConfigurationReference = A623B794164C5DA7208F8D19 /* Pods-LrcTestTests.release.xcconfig */;
			buildSettings = {
				ALWAYS_EMBED_SWIFT_STANDARD_LIBRARIES = YES;
				BUNDLE_LOADER = "$(TEST_HOST)";
				CLANG_ENABLE_MODULES = YES;
				DEVELOPMENT_TEAM = FA78T6VRG8;
				INFOPLIST_FILE = LrcTestTests/Info.plist;
				IPHONEOS_DEPLOYMENT_TARGET = 13.2;
				LD_RUNPATH_SEARCH_PATHS = "$(inherited) @executable_path/Frameworks @loader_path/Frameworks";
				PRODUCT_BUNDLE_IDENTIFIER = pyc.com.cn.LrcTestTests;
				PRODUCT_NAME = "$(TARGET_NAME)";
				SWIFT_OBJC_BRIDGING_HEADER = "LrcTestTests/LrcTestTests-Bridging-Header.h";
				SWIFT_VERSION = 5.0;
				TEST_HOST = "$(BUILT_PRODUCTS_DIR)/MusicLrcUtil.app/MusicLrcUtil";
			};
			name = Release;
		};
		14AF06681E7A4B920029DD34 /* Debug */ = {
			isa = XCBuildConfiguration;
			buildSettings = {
				DEVELOPMENT_TEAM = FA78T6VRG8;
				PRODUCT_NAME = "$(TARGET_NAME)";
			};
			name = Debug;
		};
		14AF06691E7A4B920029DD34 /* Release */ = {
			isa = XCBuildConfiguration;
			buildSettings = {
				DEVELOPMENT_TEAM = FA78T6VRG8;
				PRODUCT_NAME = "$(TARGET_NAME)";
			};
			name = Release;
		};
		14EF59F41E78DDDA005ED979 /* Debug */ = {
			isa = XCBuildConfiguration;
			buildSettings = {
				DEVELOPMENT_TEAM = FA78T6VRG8;
				PRODUCT_NAME = "$(TARGET_NAME)";
			};
			name = Debug;
		};
		14EF59F51E78DDDA005ED979 /* Release */ = {
			isa = XCBuildConfiguration;
			buildSettings = {
				DEVELOPMENT_TEAM = FA78T6VRG8;
				PRODUCT_NAME = "$(TARGET_NAME)";
			};
			name = Release;
		};
		D2C9A7BE1E84CFE600ED0C80 /* Debug */ = {
			isa = XCBuildConfiguration;
			buildSettings = {
				ALWAYS_EMBED_SWIFT_STANDARD_LIBRARIES = YES;
				ASSETCATALOG_COMPILER_APPICON_NAME = AppIcon;
				CLANG_ENABLE_MODULES = YES;
				DEVELOPMENT_TEAM = FA78T6VRG8;
				FRAMEWORK_SEARCH_PATHS = (
					"$(inherited)",
					"$(PROJECT_DIR)/Products",
				);
				INFOPLIST_FILE = "LrcTest copy-Info.plist";
				IPHONEOS_DEPLOYMENT_TARGET = 9.0;
				LD_RUNPATH_SEARCH_PATHS = "$(inherited) @executable_path/Frameworks";
				PRODUCT_BUNDLE_IDENTIFIER = pyc.com.cn.LrcTest;
				PRODUCT_NAME = "$(TARGET_NAME)";
				SWIFT_OBJC_BRIDGING_HEADER = "LrcTest/LrcTest-Bridging-Header.h";
				SWIFT_OPTIMIZATION_LEVEL = "-Onone";
				SWIFT_VERSION = 3.0;
			};
			name = Debug;
		};
		D2C9A7BF1E84CFE600ED0C80 /* Release */ = {
			isa = XCBuildConfiguration;
			buildSettings = {
				ALWAYS_EMBED_SWIFT_STANDARD_LIBRARIES = YES;
				ASSETCATALOG_COMPILER_APPICON_NAME = AppIcon;
				CLANG_ENABLE_MODULES = YES;
				DEVELOPMENT_TEAM = FA78T6VRG8;
				FRAMEWORK_SEARCH_PATHS = (
					"$(inherited)",
					"$(PROJECT_DIR)/Products",
				);
				INFOPLIST_FILE = "LrcTest copy-Info.plist";
				IPHONEOS_DEPLOYMENT_TARGET = 9.0;
				LD_RUNPATH_SEARCH_PATHS = "$(inherited) @executable_path/Frameworks";
				PRODUCT_BUNDLE_IDENTIFIER = pyc.com.cn.LrcTest;
				PRODUCT_NAME = "$(TARGET_NAME)";
				SWIFT_OBJC_BRIDGING_HEADER = "LrcTest/LrcTest-Bridging-Header.h";
				SWIFT_VERSION = 3.0;
			};
			name = Release;
		};
/* End XCBuildConfiguration section */

/* Begin XCConfigurationList section */
		140885881E76916D008B9466 /* Build configuration list for PBXNativeTarget "MusicLRC" */ = {
			isa = XCConfigurationList;
			buildConfigurations = (
				140885861E76916D008B9466 /* Debug */,
				140885871E76916D008B9466 /* Release */,
			);
			defaultConfigurationIsVisible = 0;
			defaultConfigurationName = Release;
		};
		1488796F1E839E70002A3C04 /* Build configuration list for PBXNativeTarget "MusicLocal" */ = {
			isa = XCConfigurationList;
			buildConfigurations = (
				148879701E839E70002A3C04 /* Debug */,
				148879711E839E70002A3C04 /* Release */,
			);
			defaultConfigurationIsVisible = 0;
			defaultConfigurationName = Release;
		};
		148BFF2A1E6FCE9200E674D3 /* Build configuration list for PBXProject "MusicLrcUtil" */ = {
			isa = XCConfigurationList;
			buildConfigurations = (
				148BFF4F1E6FCE9500E674D3 /* Debug */,
				148BFF501E6FCE9500E674D3 /* Release */,
			);
			defaultConfigurationIsVisible = 0;
			defaultConfigurationName = Release;
		};
		148BFF511E6FCE9500E674D3 /* Build configuration list for PBXNativeTarget "MusicLrcUtil" */ = {
			isa = XCConfigurationList;
			buildConfigurations = (
				148BFF521E6FCE9500E674D3 /* Debug */,
				148BFF531E6FCE9500E674D3 /* Release */,
			);
			defaultConfigurationIsVisible = 0;
			defaultConfigurationName = Release;
		};
		148BFF541E6FCE9500E674D3 /* Build configuration list for PBXNativeTarget "LrcTestTests" */ = {
			isa = XCConfigurationList;
			buildConfigurations = (
				148BFF551E6FCE9500E674D3 /* Debug */,
				148BFF561E6FCE9500E674D3 /* Release */,
			);
			defaultConfigurationIsVisible = 0;
			defaultConfigurationName = Release;
		};
		14AF06671E7A4B920029DD34 /* Build configuration list for PBXAggregateTarget "PushPodSpec" */ = {
			isa = XCConfigurationList;
			buildConfigurations = (
				14AF06681E7A4B920029DD34 /* Debug */,
				14AF06691E7A4B920029DD34 /* Release */,
			);
			defaultConfigurationIsVisible = 0;
			defaultConfigurationName = Release;
		};
		14EF59F61E78DDDA005ED979 /* Build configuration list for PBXAggregateTarget "CommonDylib" */ = {
			isa = XCConfigurationList;
			buildConfigurations = (
				14EF59F41E78DDDA005ED979 /* Debug */,
				14EF59F51E78DDDA005ED979 /* Release */,
			);
			defaultConfigurationIsVisible = 0;
			defaultConfigurationName = Release;
		};
		D2C9A7BD1E84CFE600ED0C80 /* Build configuration list for PBXNativeTarget "LrcSDK" */ = {
			isa = XCConfigurationList;
			buildConfigurations = (
				D2C9A7BE1E84CFE600ED0C80 /* Debug */,
				D2C9A7BF1E84CFE600ED0C80 /* Release */,
			);
			defaultConfigurationIsVisible = 0;
			defaultConfigurationName = Release;
		};
/* End XCConfigurationList section */
	};
	rootObject = 148BFF271E6FCE9200E674D3 /* Project object */;
}
